// !$*UTF8*$!
{
	archiveVersion = 1;
	classes = {
	};
	objectVersion = 56;
	objects = {

/* Begin PBXBuildFile section */
		7F0115C02B9787DD002A82A6 /* ViewWithConfigView.swift in Sources */ = {isa = PBXBuildFile; fileRef = 7F0115BF2B9787DD002A82A6 /* ViewWithConfigView.swift */; };
		7F0115C42B97DCCD002A82A6 /* ButtonsModule.swift in Sources */ = {isa = PBXBuildFile; fileRef = 7F0115C32B97DCCD002A82A6 /* ButtonsModule.swift */; };
		7F0115CA2B97DCFE002A82A6 /* ButtonsCoordinator.swift in Sources */ = {isa = PBXBuildFile; fileRef = 7F0115C92B97DCFE002A82A6 /* ButtonsCoordinator.swift */; };
		7F0115CC2B97DD0B002A82A6 /* ButtonsViewController.swift in Sources */ = {isa = PBXBuildFile; fileRef = 7F0115CB2B97DD0B002A82A6 /* ButtonsViewController.swift */; };
		7F0115CE2B97DD15002A82A6 /* ButtonsViewModel.swift in Sources */ = {isa = PBXBuildFile; fileRef = 7F0115CD2B97DD15002A82A6 /* ButtonsViewModel.swift */; };
		7F0115D02B97DEBA002A82A6 /* UIButtonExtension.swift in Sources */ = {isa = PBXBuildFile; fileRef = 7F0115CF2B97DEBA002A82A6 /* UIButtonExtension.swift */; };
		7F7CD8642BB3667C00E3D477 /* RutHelper.swift in Sources */ = {isa = PBXBuildFile; fileRef = 7F7CD8632BB3667C00E3D477 /* RutHelper.swift */; };
		7F8CD24A2B82D4310045D49D /* CoordinatorProtocol.swift in Sources */ = {isa = PBXBuildFile; fileRef = 7F8CD2492B82D4310045D49D /* CoordinatorProtocol.swift */; };
		7F8CD24C2B82D43D0045D49D /* InitCoordinator.swift in Sources */ = {isa = PBXBuildFile; fileRef = 7F8CD24B2B82D43D0045D49D /* InitCoordinator.swift */; };
		7FB3F1F52B96794A00E7B252 /* UIImageViewExtension.swift in Sources */ = {isa = PBXBuildFile; fileRef = 7FB3F1F42B96794A00E7B252 /* UIImageViewExtension.swift */; };
		7FB3F1FD2B9697B600E7B252 /* ViewsViewController.swift in Sources */ = {isa = PBXBuildFile; fileRef = 7FB3F1FC2B9697B600E7B252 /* ViewsViewController.swift */; };
		7FB3F1FF2B9697DC00E7B252 /* ViewsCoordinator.swift in Sources */ = {isa = PBXBuildFile; fileRef = 7FB3F1FE2B9697DC00E7B252 /* ViewsCoordinator.swift */; };
		7FB3F2012B9697F100E7B252 /* ViewsViewModel.swift in Sources */ = {isa = PBXBuildFile; fileRef = 7FB3F2002B9697F100E7B252 /* ViewsViewModel.swift */; };
		7FB3F2032B969F5F00E7B252 /* ViewsModule.swift in Sources */ = {isa = PBXBuildFile; fileRef = 7FB3F2022B969F5F00E7B252 /* ViewsModule.swift */; };
		7FB3F2072B96A27E00E7B252 /* ViewWithShadow.swift in Sources */ = {isa = PBXBuildFile; fileRef = 7FB3F2062B96A27E00E7B252 /* ViewWithShadow.swift */; };
		7FB3F2092B96A9E900E7B252 /* ViewWithShadowArgs.swift in Sources */ = {isa = PBXBuildFile; fileRef = 7FB3F2082B96A9E900E7B252 /* ViewWithShadowArgs.swift */; };
		7FB3F20B2B96B23900E7B252 /* ViewWithActionView.swift in Sources */ = {isa = PBXBuildFile; fileRef = 7FB3F20A2B96B23900E7B252 /* ViewWithActionView.swift */; };
		7FB3F20E2B96D13F00E7B252 /* ClickableGestureRecognizer.swift in Sources */ = {isa = PBXBuildFile; fileRef = 7FB3F20D2B96D13F00E7B252 /* ClickableGestureRecognizer.swift */; };
		7FB3F2102B96D16000E7B252 /* LongPressGestureRecognizer.swift in Sources */ = {isa = PBXBuildFile; fileRef = 7FB3F20F2B96D16000E7B252 /* LongPressGestureRecognizer.swift */; };
		7FB3F2152B96D37200E7B252 /* UIViewExtensions.swift in Sources */ = {isa = PBXBuildFile; fileRef = 7FB3F2142B96D37200E7B252 /* UIViewExtensions.swift */; };
		7FCBE1572BB3149D00D9C532 /* UITextFieldExtension.swift in Sources */ = {isa = PBXBuildFile; fileRef = 7FCBE1562BB3149D00D9C532 /* UITextFieldExtension.swift */; };
		7FCBE1592BB3161100D9C532 /* LabeledTextFieldViewArgs.swift in Sources */ = {isa = PBXBuildFile; fileRef = 7FCBE1582BB3161100D9C532 /* LabeledTextFieldViewArgs.swift */; };
		7FCE52CD2BB263D0009B8943 /* TextFieldsModule.swift in Sources */ = {isa = PBXBuildFile; fileRef = 7FCE52CC2BB263D0009B8943 /* TextFieldsModule.swift */; };
		7FCE52D42BB264B8009B8943 /* TextFieldsCoordinator.swift in Sources */ = {isa = PBXBuildFile; fileRef = 7FCE52D32BB264B8009B8943 /* TextFieldsCoordinator.swift */; };
		7FCE52D62BB264ED009B8943 /* TextFieldsViewController.swift in Sources */ = {isa = PBXBuildFile; fileRef = 7FCE52D52BB264ED009B8943 /* TextFieldsViewController.swift */; };
		7FCE52D82BB26514009B8943 /* TextFieldsViewModel.swift in Sources */ = {isa = PBXBuildFile; fileRef = 7FCE52D72BB26514009B8943 /* TextFieldsViewModel.swift */; };
		7FCE52DB2BB2707C009B8943 /* LabelTextFieldView.swift in Sources */ = {isa = PBXBuildFile; fileRef = 7FCE52DA2BB2707C009B8943 /* LabelTextFieldView.swift */; };
		7FD1598B2B82C6FA00347CA1 /* AppDelegate.swift in Sources */ = {isa = PBXBuildFile; fileRef = 7FD1598A2B82C6FA00347CA1 /* AppDelegate.swift */; };
		7FD1598D2B82C6FA00347CA1 /* SceneDelegate.swift in Sources */ = {isa = PBXBuildFile; fileRef = 7FD1598C2B82C6FA00347CA1 /* SceneDelegate.swift */; };
		7FD159942B82C6FB00347CA1 /* Assets.xcassets in Resources */ = {isa = PBXBuildFile; fileRef = 7FD159932B82C6FB00347CA1 /* Assets.xcassets */; };
		7FD159972B82C6FB00347CA1 /* LaunchScreen.storyboard in Resources */ = {isa = PBXBuildFile; fileRef = 7FD159952B82C6FB00347CA1 /* LaunchScreen.storyboard */; };
		7FE018752B82D7FE008FC45A /* Injection.swift in Sources */ = {isa = PBXBuildFile; fileRef = 7FE018742B82D7FE008FC45A /* Injection.swift */; };
		7FE018772B82D813008FC45A /* MainControllerProvider.swift in Sources */ = {isa = PBXBuildFile; fileRef = 7FE018762B82D813008FC45A /* MainControllerProvider.swift */; };
		7FE018792B82D832008FC45A /* MainModule.swift in Sources */ = {isa = PBXBuildFile; fileRef = 7FE018782B82D832008FC45A /* MainModule.swift */; };
		7FE0187D2B82D895008FC45A /* NotificationCenterWrapper.swift in Sources */ = {isa = PBXBuildFile; fileRef = 7FE0187C2B82D895008FC45A /* NotificationCenterWrapper.swift */; };
		7FE0187F2B82D8A4008FC45A /* NotificationCenterWrapperImpl.swift in Sources */ = {isa = PBXBuildFile; fileRef = 7FE0187E2B82D8A4008FC45A /* NotificationCenterWrapperImpl.swift */; };
		7FE018852B82D966008FC45A /* HomeViewController.swift in Sources */ = {isa = PBXBuildFile; fileRef = 7FE018842B82D966008FC45A /* HomeViewController.swift */; };
		7FE018872B82D997008FC45A /* HomeViewModel.swift in Sources */ = {isa = PBXBuildFile; fileRef = 7FE018862B82D997008FC45A /* HomeViewModel.swift */; };
		7FE0188A2B833978008FC45A /* BaseViewController.swift in Sources */ = {isa = PBXBuildFile; fileRef = 7FE018892B833978008FC45A /* BaseViewController.swift */; };
		7FE0188C2B833A7F008FC45A /* BaseViewModel.swift in Sources */ = {isa = PBXBuildFile; fileRef = 7FE0188B2B833A7F008FC45A /* BaseViewModel.swift */; };
		7FE0188E2B833B41008FC45A /* Coordinator.swift in Sources */ = {isa = PBXBuildFile; fileRef = 7FE0188D2B833B41008FC45A /* Coordinator.swift */; };
		7FE018912B8344DC008FC45A /* HomeModule.swift in Sources */ = {isa = PBXBuildFile; fileRef = 7FE018902B8344DC008FC45A /* HomeModule.swift */; };
		7FE018942B834586008FC45A /* HomeCoordinator.swift in Sources */ = {isa = PBXBuildFile; fileRef = 7FE018932B834586008FC45A /* HomeCoordinator.swift */; };
		7FE0189E2B8354C9008FC45A /* UiHomeOption.swift in Sources */ = {isa = PBXBuildFile; fileRef = 7FE0189D2B8354C9008FC45A /* UiHomeOption.swift */; };
		7FE018A52B8361CE008FC45A /* UITableViewExtension.swift in Sources */ = {isa = PBXBuildFile; fileRef = 7FE018A42B8361CE008FC45A /* UITableViewExtension.swift */; };
		7FE018A72B83620B008FC45A /* HomeTableViewCell.swift in Sources */ = {isa = PBXBuildFile; fileRef = 7FE018A62B83620B008FC45A /* HomeTableViewCell.swift */; };
		7FE018AA2B836243008FC45A /* Dimensions.swift in Sources */ = {isa = PBXBuildFile; fileRef = 7FE018A92B836243008FC45A /* Dimensions.swift */; };
		7FE018B12B836503008FC45A /* StringExtension.swift in Sources */ = {isa = PBXBuildFile; fileRef = 7FE018B02B836503008FC45A /* StringExtension.swift */; };
		7FE018B82B836714008FC45A /* Montserrat-Light.ttf in Resources */ = {isa = PBXBuildFile; fileRef = 7FE018B42B836714008FC45A /* Montserrat-Light.ttf */; };
		7FE018B92B836714008FC45A /* Montserrat-Bold.ttf in Resources */ = {isa = PBXBuildFile; fileRef = 7FE018B52B836714008FC45A /* Montserrat-Bold.ttf */; };
		7FE018BA2B836714008FC45A /* Montserrat-SemiBold.ttf in Resources */ = {isa = PBXBuildFile; fileRef = 7FE018B62B836714008FC45A /* Montserrat-SemiBold.ttf */; };
		7FE018BB2B836714008FC45A /* Montserrat-Regular.ttf in Resources */ = {isa = PBXBuildFile; fileRef = 7FE018B72B836714008FC45A /* Montserrat-Regular.ttf */; };
		7FE018BD2B8367C2008FC45A /* Fonts.swift in Sources */ = {isa = PBXBuildFile; fileRef = 7FE018BC2B8367C2008FC45A /* Fonts.swift */; };
		7FE018BF2B83686D008FC45A /* Colors.swift in Sources */ = {isa = PBXBuildFile; fileRef = 7FE018BE2B83686D008FC45A /* Colors.swift */; };
		7FE018C12B836936008FC45A /* UIViewControllerExtension.swift in Sources */ = {isa = PBXBuildFile; fileRef = 7FE018C02B836936008FC45A /* UIViewControllerExtension.swift */; };
		7FE018CB2B836D71008FC45A /* UIColorExtensions.swift in Sources */ = {isa = PBXBuildFile; fileRef = 7FE018CA2B836D71008FC45A /* UIColorExtensions.swift */; };
		7FE018D02B837937008FC45A /* Strings.swift in Sources */ = {isa = PBXBuildFile; fileRef = 7FE018CD2B837936008FC45A /* Strings.swift */; };
		7FE018D12B837937008FC45A /* Assets.swift in Sources */ = {isa = PBXBuildFile; fileRef = 7FE018CE2B837936008FC45A /* Assets.swift */; };
		7FE018D22B837937008FC45A /* swiftgen.yml in Resources */ = {isa = PBXBuildFile; fileRef = 7FE018CF2B837936008FC45A /* swiftgen.yml */; };
		7FE018D52B837A77008FC45A /* Localizable.strings in Resources */ = {isa = PBXBuildFile; fileRef = 7FE018D42B837A77008FC45A /* Localizable.strings */; };
		7FE018D82B83835D008FC45A /* LoaderView.swift in Sources */ = {isa = PBXBuildFile; fileRef = 7FE018D72B83835D008FC45A /* LoaderView.swift */; };
		7FE018DA2B83843B008FC45A /* ProgressBarView.swift in Sources */ = {isa = PBXBuildFile; fileRef = 7FE018D92B83843B008FC45A /* ProgressBarView.swift */; };
		7FE018E12B838975008FC45A /* LabelsViewController.swift in Sources */ = {isa = PBXBuildFile; fileRef = 7FE018E02B838975008FC45A /* LabelsViewController.swift */; };
		7FE018E32B83898C008FC45A /* LabelsViewModel.swift in Sources */ = {isa = PBXBuildFile; fileRef = 7FE018E22B83898C008FC45A /* LabelsViewModel.swift */; };
		7FE018E52B8389AA008FC45A /* LabelsCoordinator.swift in Sources */ = {isa = PBXBuildFile; fileRef = 7FE018E42B8389AA008FC45A /* LabelsCoordinator.swift */; };
		7FE018E72B83B92F008FC45A /* LabelModule.swift in Sources */ = {isa = PBXBuildFile; fileRef = 7FE018E62B83B92F008FC45A /* LabelModule.swift */; };
		7FE018ED2B83C51D008FC45A /* ImagesCoordinator.swift in Sources */ = {isa = PBXBuildFile; fileRef = 7FE018EC2B83C51D008FC45A /* ImagesCoordinator.swift */; };
		7FE018EF2B83C538008FC45A /* ImagesViewController.swift in Sources */ = {isa = PBXBuildFile; fileRef = 7FE018EE2B83C538008FC45A /* ImagesViewController.swift */; };
		7FE018F12B83C55D008FC45A /* ImagesViewModel.swift in Sources */ = {isa = PBXBuildFile; fileRef = 7FE018F02B83C55D008FC45A /* ImagesViewModel.swift */; };
		7FE018F52B83C72B008FC45A /* ImagesModule.swift in Sources */ = {isa = PBXBuildFile; fileRef = 7FE018F42B83C72B008FC45A /* ImagesModule.swift */; };
		7FFD0C9C2BB38F7700B07B72 /* LabeledTextFieldViewController.swift in Sources */ = {isa = PBXBuildFile; fileRef = 7FFD0C9B2BB38F7700B07B72 /* LabeledTextFieldViewController.swift */; };
		7FFD0C9E2BB39FEC00B07B72 /* LabeledTextFieldViewModel.swift in Sources */ = {isa = PBXBuildFile; fileRef = 7FFD0C9D2BB39FEC00B07B72 /* LabeledTextFieldViewModel.swift */; };
		C9A6081960357A8A8D89C1D4 /* Pods_Swift_1UIComponents.framework in Frameworks */ = {isa = PBXBuildFile; fileRef = 048B14AA6B518D70C4CE3C27 /* Pods_Swift_1UIComponents.framework */; };
/* End PBXBuildFile section */

/* Begin PBXFileReference section */
		048B14AA6B518D70C4CE3C27 /* Pods_Swift_1UIComponents.framework */ = {isa = PBXFileReference; explicitFileType = wrapper.framework; includeInIndex = 0; path = Pods_Swift_1UIComponents.framework; sourceTree = BUILT_PRODUCTS_DIR; };
		7F0115BF2B9787DD002A82A6 /* ViewWithConfigView.swift */ = {isa = PBXFileReference; lastKnownFileType = sourcecode.swift; path = ViewWithConfigView.swift; sourceTree = "<group>"; };
		7F0115C32B97DCCD002A82A6 /* ButtonsModule.swift */ = {isa = PBXFileReference; lastKnownFileType = sourcecode.swift; path = ButtonsModule.swift; sourceTree = "<group>"; };
		7F0115C92B97DCFE002A82A6 /* ButtonsCoordinator.swift */ = {isa = PBXFileReference; lastKnownFileType = sourcecode.swift; path = ButtonsCoordinator.swift; sourceTree = "<group>"; };
		7F0115CB2B97DD0B002A82A6 /* ButtonsViewController.swift */ = {isa = PBXFileReference; lastKnownFileType = sourcecode.swift; path = ButtonsViewController.swift; sourceTree = "<group>"; };
		7F0115CD2B97DD15002A82A6 /* ButtonsViewModel.swift */ = {isa = PBXFileReference; lastKnownFileType = sourcecode.swift; path = ButtonsViewModel.swift; sourceTree = "<group>"; };
		7F0115CF2B97DEBA002A82A6 /* UIButtonExtension.swift */ = {isa = PBXFileReference; lastKnownFileType = sourcecode.swift; path = UIButtonExtension.swift; sourceTree = "<group>"; };
		7F7CD8632BB3667C00E3D477 /* RutHelper.swift */ = {isa = PBXFileReference; lastKnownFileType = sourcecode.swift; path = RutHelper.swift; sourceTree = "<group>"; };
		7F8CD2492B82D4310045D49D /* CoordinatorProtocol.swift */ = {isa = PBXFileReference; lastKnownFileType = sourcecode.swift; path = CoordinatorProtocol.swift; sourceTree = "<group>"; };
		7F8CD24B2B82D43D0045D49D /* InitCoordinator.swift */ = {isa = PBXFileReference; lastKnownFileType = sourcecode.swift; path = InitCoordinator.swift; sourceTree = "<group>"; };
		7FB3F1F42B96794A00E7B252 /* UIImageViewExtension.swift */ = {isa = PBXFileReference; lastKnownFileType = sourcecode.swift; path = UIImageViewExtension.swift; sourceTree = "<group>"; };
		7FB3F1FC2B9697B600E7B252 /* ViewsViewController.swift */ = {isa = PBXFileReference; lastKnownFileType = sourcecode.swift; path = ViewsViewController.swift; sourceTree = "<group>"; };
		7FB3F1FE2B9697DC00E7B252 /* ViewsCoordinator.swift */ = {isa = PBXFileReference; lastKnownFileType = sourcecode.swift; path = ViewsCoordinator.swift; sourceTree = "<group>"; };
		7FB3F2002B9697F100E7B252 /* ViewsViewModel.swift */ = {isa = PBXFileReference; lastKnownFileType = sourcecode.swift; path = ViewsViewModel.swift; sourceTree = "<group>"; };
		7FB3F2022B969F5F00E7B252 /* ViewsModule.swift */ = {isa = PBXFileReference; lastKnownFileType = sourcecode.swift; path = ViewsModule.swift; sourceTree = "<group>"; };
		7FB3F2062B96A27E00E7B252 /* ViewWithShadow.swift */ = {isa = PBXFileReference; lastKnownFileType = sourcecode.swift; path = ViewWithShadow.swift; sourceTree = "<group>"; };
		7FB3F2082B96A9E900E7B252 /* ViewWithShadowArgs.swift */ = {isa = PBXFileReference; lastKnownFileType = sourcecode.swift; path = ViewWithShadowArgs.swift; sourceTree = "<group>"; };
		7FB3F20A2B96B23900E7B252 /* ViewWithActionView.swift */ = {isa = PBXFileReference; lastKnownFileType = sourcecode.swift; path = ViewWithActionView.swift; sourceTree = "<group>"; };
		7FB3F20D2B96D13F00E7B252 /* ClickableGestureRecognizer.swift */ = {isa = PBXFileReference; lastKnownFileType = sourcecode.swift; path = ClickableGestureRecognizer.swift; sourceTree = "<group>"; };
		7FB3F20F2B96D16000E7B252 /* LongPressGestureRecognizer.swift */ = {isa = PBXFileReference; lastKnownFileType = sourcecode.swift; path = LongPressGestureRecognizer.swift; sourceTree = "<group>"; };
		7FB3F2142B96D37200E7B252 /* UIViewExtensions.swift */ = {isa = PBXFileReference; lastKnownFileType = sourcecode.swift; path = UIViewExtensions.swift; sourceTree = "<group>"; };
		7FCBE1562BB3149D00D9C532 /* UITextFieldExtension.swift */ = {isa = PBXFileReference; lastKnownFileType = sourcecode.swift; path = UITextFieldExtension.swift; sourceTree = "<group>"; };
		7FCBE1582BB3161100D9C532 /* LabeledTextFieldViewArgs.swift */ = {isa = PBXFileReference; lastKnownFileType = sourcecode.swift; path = LabeledTextFieldViewArgs.swift; sourceTree = "<group>"; };
		7FCE52CC2BB263D0009B8943 /* TextFieldsModule.swift */ = {isa = PBXFileReference; lastKnownFileType = sourcecode.swift; path = TextFieldsModule.swift; sourceTree = "<group>"; };
		7FCE52D32BB264B8009B8943 /* TextFieldsCoordinator.swift */ = {isa = PBXFileReference; lastKnownFileType = sourcecode.swift; path = TextFieldsCoordinator.swift; sourceTree = "<group>"; };
		7FCE52D52BB264ED009B8943 /* TextFieldsViewController.swift */ = {isa = PBXFileReference; lastKnownFileType = sourcecode.swift; path = TextFieldsViewController.swift; sourceTree = "<group>"; };
		7FCE52D72BB26514009B8943 /* TextFieldsViewModel.swift */ = {isa = PBXFileReference; lastKnownFileType = sourcecode.swift; path = TextFieldsViewModel.swift; sourceTree = "<group>"; };
		7FCE52DA2BB2707C009B8943 /* LabelTextFieldView.swift */ = {isa = PBXFileReference; lastKnownFileType = sourcecode.swift; path = LabelTextFieldView.swift; sourceTree = "<group>"; };
		7FD159872B82C6FA00347CA1 /* Swift-1UIComponents.app */ = {isa = PBXFileReference; explicitFileType = wrapper.application; includeInIndex = 0; path = "Swift-1UIComponents.app"; sourceTree = BUILT_PRODUCTS_DIR; };
		7FD1598A2B82C6FA00347CA1 /* AppDelegate.swift */ = {isa = PBXFileReference; lastKnownFileType = sourcecode.swift; path = AppDelegate.swift; sourceTree = "<group>"; };
		7FD1598C2B82C6FA00347CA1 /* SceneDelegate.swift */ = {isa = PBXFileReference; lastKnownFileType = sourcecode.swift; path = SceneDelegate.swift; sourceTree = "<group>"; };
		7FD159932B82C6FB00347CA1 /* Assets.xcassets */ = {isa = PBXFileReference; lastKnownFileType = folder.assetcatalog; path = Assets.xcassets; sourceTree = "<group>"; };
		7FD159962B82C6FB00347CA1 /* Base */ = {isa = PBXFileReference; lastKnownFileType = file.storyboard; name = Base; path = Base.lproj/LaunchScreen.storyboard; sourceTree = "<group>"; };
		7FD159982B82C6FB00347CA1 /* Info.plist */ = {isa = PBXFileReference; lastKnownFileType = text.plist.xml; path = Info.plist; sourceTree = "<group>"; };
		7FE018742B82D7FE008FC45A /* Injection.swift */ = {isa = PBXFileReference; lastKnownFileType = sourcecode.swift; path = Injection.swift; sourceTree = "<group>"; };
		7FE018762B82D813008FC45A /* MainControllerProvider.swift */ = {isa = PBXFileReference; lastKnownFileType = sourcecode.swift; path = MainControllerProvider.swift; sourceTree = "<group>"; };
		7FE018782B82D832008FC45A /* MainModule.swift */ = {isa = PBXFileReference; lastKnownFileType = sourcecode.swift; path = MainModule.swift; sourceTree = "<group>"; };
		7FE0187C2B82D895008FC45A /* NotificationCenterWrapper.swift */ = {isa = PBXFileReference; lastKnownFileType = sourcecode.swift; path = NotificationCenterWrapper.swift; sourceTree = "<group>"; };
		7FE0187E2B82D8A4008FC45A /* NotificationCenterWrapperImpl.swift */ = {isa = PBXFileReference; lastKnownFileType = sourcecode.swift; path = NotificationCenterWrapperImpl.swift; sourceTree = "<group>"; };
		7FE018842B82D966008FC45A /* HomeViewController.swift */ = {isa = PBXFileReference; lastKnownFileType = sourcecode.swift; path = HomeViewController.swift; sourceTree = "<group>"; };
		7FE018862B82D997008FC45A /* HomeViewModel.swift */ = {isa = PBXFileReference; lastKnownFileType = sourcecode.swift; path = HomeViewModel.swift; sourceTree = "<group>"; };
		7FE018892B833978008FC45A /* BaseViewController.swift */ = {isa = PBXFileReference; lastKnownFileType = sourcecode.swift; path = BaseViewController.swift; sourceTree = "<group>"; };
		7FE0188B2B833A7F008FC45A /* BaseViewModel.swift */ = {isa = PBXFileReference; lastKnownFileType = sourcecode.swift; path = BaseViewModel.swift; sourceTree = "<group>"; };
		7FE0188D2B833B41008FC45A /* Coordinator.swift */ = {isa = PBXFileReference; lastKnownFileType = sourcecode.swift; path = Coordinator.swift; sourceTree = "<group>"; };
		7FE018902B8344DC008FC45A /* HomeModule.swift */ = {isa = PBXFileReference; lastKnownFileType = sourcecode.swift; path = HomeModule.swift; sourceTree = "<group>"; };
		7FE018932B834586008FC45A /* HomeCoordinator.swift */ = {isa = PBXFileReference; lastKnownFileType = sourcecode.swift; path = HomeCoordinator.swift; sourceTree = "<group>"; };
		7FE0189D2B8354C9008FC45A /* UiHomeOption.swift */ = {isa = PBXFileReference; lastKnownFileType = sourcecode.swift; path = UiHomeOption.swift; sourceTree = "<group>"; };
		7FE018A42B8361CE008FC45A /* UITableViewExtension.swift */ = {isa = PBXFileReference; lastKnownFileType = sourcecode.swift; path = UITableViewExtension.swift; sourceTree = "<group>"; };
		7FE018A62B83620B008FC45A /* HomeTableViewCell.swift */ = {isa = PBXFileReference; lastKnownFileType = sourcecode.swift; path = HomeTableViewCell.swift; sourceTree = "<group>"; };
		7FE018A92B836243008FC45A /* Dimensions.swift */ = {isa = PBXFileReference; lastKnownFileType = sourcecode.swift; path = Dimensions.swift; sourceTree = "<group>"; };
		7FE018B02B836503008FC45A /* StringExtension.swift */ = {isa = PBXFileReference; lastKnownFileType = sourcecode.swift; path = StringExtension.swift; sourceTree = "<group>"; };
		7FE018B42B836714008FC45A /* Montserrat-Light.ttf */ = {isa = PBXFileReference; lastKnownFileType = file; path = "Montserrat-Light.ttf"; sourceTree = "<group>"; };
		7FE018B52B836714008FC45A /* Montserrat-Bold.ttf */ = {isa = PBXFileReference; lastKnownFileType = file; path = "Montserrat-Bold.ttf"; sourceTree = "<group>"; };
		7FE018B62B836714008FC45A /* Montserrat-SemiBold.ttf */ = {isa = PBXFileReference; lastKnownFileType = file; path = "Montserrat-SemiBold.ttf"; sourceTree = "<group>"; };
		7FE018B72B836714008FC45A /* Montserrat-Regular.ttf */ = {isa = PBXFileReference; lastKnownFileType = file; path = "Montserrat-Regular.ttf"; sourceTree = "<group>"; };
		7FE018BC2B8367C2008FC45A /* Fonts.swift */ = {isa = PBXFileReference; lastKnownFileType = sourcecode.swift; path = Fonts.swift; sourceTree = "<group>"; };
		7FE018BE2B83686D008FC45A /* Colors.swift */ = {isa = PBXFileReference; lastKnownFileType = sourcecode.swift; path = Colors.swift; sourceTree = "<group>"; };
		7FE018C02B836936008FC45A /* UIViewControllerExtension.swift */ = {isa = PBXFileReference; lastKnownFileType = sourcecode.swift; path = UIViewControllerExtension.swift; sourceTree = "<group>"; };
		7FE018CA2B836D71008FC45A /* UIColorExtensions.swift */ = {isa = PBXFileReference; lastKnownFileType = sourcecode.swift; path = UIColorExtensions.swift; sourceTree = "<group>"; };
		7FE018CD2B837936008FC45A /* Strings.swift */ = {isa = PBXFileReference; fileEncoding = 4; lastKnownFileType = sourcecode.swift; path = Strings.swift; sourceTree = "<group>"; };
		7FE018CE2B837936008FC45A /* Assets.swift */ = {isa = PBXFileReference; fileEncoding = 4; lastKnownFileType = sourcecode.swift; path = Assets.swift; sourceTree = "<group>"; };
		7FE018CF2B837936008FC45A /* swiftgen.yml */ = {isa = PBXFileReference; fileEncoding = 4; lastKnownFileType = text.yaml; path = swiftgen.yml; sourceTree = "<group>"; };
		7FE018D42B837A77008FC45A /* Localizable.strings */ = {isa = PBXFileReference; lastKnownFileType = text.plist.strings; path = Localizable.strings; sourceTree = "<group>"; };
		7FE018D72B83835D008FC45A /* LoaderView.swift */ = {isa = PBXFileReference; lastKnownFileType = sourcecode.swift; path = LoaderView.swift; sourceTree = "<group>"; };
		7FE018D92B83843B008FC45A /* ProgressBarView.swift */ = {isa = PBXFileReference; lastKnownFileType = sourcecode.swift; path = ProgressBarView.swift; sourceTree = "<group>"; };
		7FE018E02B838975008FC45A /* LabelsViewController.swift */ = {isa = PBXFileReference; lastKnownFileType = sourcecode.swift; path = LabelsViewController.swift; sourceTree = "<group>"; };
		7FE018E22B83898C008FC45A /* LabelsViewModel.swift */ = {isa = PBXFileReference; lastKnownFileType = sourcecode.swift; path = LabelsViewModel.swift; sourceTree = "<group>"; };
		7FE018E42B8389AA008FC45A /* LabelsCoordinator.swift */ = {isa = PBXFileReference; lastKnownFileType = sourcecode.swift; path = LabelsCoordinator.swift; sourceTree = "<group>"; };
		7FE018E62B83B92F008FC45A /* LabelModule.swift */ = {isa = PBXFileReference; lastKnownFileType = sourcecode.swift; path = LabelModule.swift; sourceTree = "<group>"; };
		7FE018EC2B83C51D008FC45A /* ImagesCoordinator.swift */ = {isa = PBXFileReference; lastKnownFileType = sourcecode.swift; path = ImagesCoordinator.swift; sourceTree = "<group>"; };
		7FE018EE2B83C538008FC45A /* ImagesViewController.swift */ = {isa = PBXFileReference; lastKnownFileType = sourcecode.swift; path = ImagesViewController.swift; sourceTree = "<group>"; };
		7FE018F02B83C55D008FC45A /* ImagesViewModel.swift */ = {isa = PBXFileReference; lastKnownFileType = sourcecode.swift; path = ImagesViewModel.swift; sourceTree = "<group>"; };
		7FE018F42B83C72B008FC45A /* ImagesModule.swift */ = {isa = PBXFileReference; lastKnownFileType = sourcecode.swift; path = ImagesModule.swift; sourceTree = "<group>"; };
		7FFD0C9B2BB38F7700B07B72 /* LabeledTextFieldViewController.swift */ = {isa = PBXFileReference; lastKnownFileType = sourcecode.swift; path = LabeledTextFieldViewController.swift; sourceTree = "<group>"; };
		7FFD0C9D2BB39FEC00B07B72 /* LabeledTextFieldViewModel.swift */ = {isa = PBXFileReference; lastKnownFileType = sourcecode.swift; path = LabeledTextFieldViewModel.swift; sourceTree = "<group>"; };
		B71F65727C2F1CC595823B19 /* Pods-Swift-1UIComponents.debug.xcconfig */ = {isa = PBXFileReference; includeInIndex = 1; lastKnownFileType = text.xcconfig; name = "Pods-Swift-1UIComponents.debug.xcconfig"; path = "Target Support Files/Pods-Swift-1UIComponents/Pods-Swift-1UIComponents.debug.xcconfig"; sourceTree = "<group>"; };
		BE4E9807FFED8A6466F9A306 /* Pods-Swift-1UIComponents.release.xcconfig */ = {isa = PBXFileReference; includeInIndex = 1; lastKnownFileType = text.xcconfig; name = "Pods-Swift-1UIComponents.release.xcconfig"; path = "Target Support Files/Pods-Swift-1UIComponents/Pods-Swift-1UIComponents.release.xcconfig"; sourceTree = "<group>"; };
/* End PBXFileReference section */

/* Begin PBXFrameworksBuildPhase section */
		7FD159842B82C6FA00347CA1 /* Frameworks */ = {
			isa = PBXFrameworksBuildPhase;
			buildActionMask = 2147483647;
			files = (
				C9A6081960357A8A8D89C1D4 /* Pods_Swift_1UIComponents.framework in Frameworks */,
			);
			runOnlyForDeploymentPostprocessing = 0;
		};
/* End PBXFrameworksBuildPhase section */

/* Begin PBXGroup section */
		248E83AE589D97B8BA469070 /* Frameworks */ = {
			isa = PBXGroup;
			children = (
				048B14AA6B518D70C4CE3C27 /* Pods_Swift_1UIComponents.framework */,
			);
			name = Frameworks;
			sourceTree = "<group>";
		};
		666FC1A9A6F559D8FF3A3FB0 /* Pods */ = {
			isa = PBXGroup;
			children = (
				B71F65727C2F1CC595823B19 /* Pods-Swift-1UIComponents.debug.xcconfig */,
				BE4E9807FFED8A6466F9A306 /* Pods-Swift-1UIComponents.release.xcconfig */,
			);
			path = Pods;
			sourceTree = "<group>";
		};
		7F0115C12B97DA8B002A82A6 /* Buttons */ = {
			isa = PBXGroup;
			children = (
				7F0115C22B97DCC2002A82A6 /* DI */,
				7F0115C52B97DCD1002A82A6 /* Presentation */,
			);
			path = Buttons;
			sourceTree = "<group>";
		};
		7F0115C22B97DCC2002A82A6 /* DI */ = {
			isa = PBXGroup;
			children = (
				7F0115C32B97DCCD002A82A6 /* ButtonsModule.swift */,
			);
			path = DI;
			sourceTree = "<group>";
		};
		7F0115C52B97DCD1002A82A6 /* Presentation */ = {
			isa = PBXGroup;
			children = (
				7F0115C62B97DCE1002A82A6 /* Coordinator */,
				7F0115C72B97DCE5002A82A6 /* View */,
				7F0115C82B97DCE8002A82A6 /* ViewModel */,
			);
			path = Presentation;
			sourceTree = "<group>";
		};
		7F0115C62B97DCE1002A82A6 /* Coordinator */ = {
			isa = PBXGroup;
			children = (
				7F0115C92B97DCFE002A82A6 /* ButtonsCoordinator.swift */,
			);
			path = Coordinator;
			sourceTree = "<group>";
		};
		7F0115C72B97DCE5002A82A6 /* View */ = {
			isa = PBXGroup;
			children = (
				7F0115CB2B97DD0B002A82A6 /* ButtonsViewController.swift */,
			);
			path = View;
			sourceTree = "<group>";
		};
		7F0115C82B97DCE8002A82A6 /* ViewModel */ = {
			isa = PBXGroup;
			children = (
				7F0115CD2B97DD15002A82A6 /* ButtonsViewModel.swift */,
			);
			path = ViewModel;
			sourceTree = "<group>";
		};
		7F7CD8622BB3666C00E3D477 /* Helpers */ = {
			isa = PBXGroup;
			children = (
				7F7CD8632BB3667C00E3D477 /* RutHelper.swift */,
			);
			path = Helpers;
			sourceTree = "<group>";
		};
		7F8CD2472B82D3BB0045D49D /* AppLife */ = {
			isa = PBXGroup;
			children = (
				7FD1598A2B82C6FA00347CA1 /* AppDelegate.swift */,
				7FD1598C2B82C6FA00347CA1 /* SceneDelegate.swift */,
			);
			path = AppLife;
			sourceTree = "<group>";
		};
		7FB3F1F62B96976900E7B252 /* Views */ = {
			isa = PBXGroup;
			children = (
				7FB3F1F72B96977300E7B252 /* DI */,
				7FB3F1F82B96977D00E7B252 /* Presentation */,
			);
			path = Views;
			sourceTree = "<group>";
		};
		7FB3F1F72B96977300E7B252 /* DI */ = {
			isa = PBXGroup;
			children = (
				7FB3F2022B969F5F00E7B252 /* ViewsModule.swift */,
			);
			path = DI;
			sourceTree = "<group>";
		};
		7FB3F1F82B96977D00E7B252 /* Presentation */ = {
			isa = PBXGroup;
			children = (
				7FB3F1F92B96978B00E7B252 /* Coordinator */,
				7FB3F1FA2B96979000E7B252 /* View */,
				7FB3F1FB2B96979400E7B252 /* ViewModel */,
			);
			path = Presentation;
			sourceTree = "<group>";
		};
		7FB3F1F92B96978B00E7B252 /* Coordinator */ = {
			isa = PBXGroup;
			children = (
				7FB3F1FE2B9697DC00E7B252 /* ViewsCoordinator.swift */,
			);
			path = Coordinator;
			sourceTree = "<group>";
		};
		7FB3F1FA2B96979000E7B252 /* View */ = {
			isa = PBXGroup;
			children = (
				7FB3F1FC2B9697B600E7B252 /* ViewsViewController.swift */,
				7FB3F20A2B96B23900E7B252 /* ViewWithActionView.swift */,
				7F0115BF2B9787DD002A82A6 /* ViewWithConfigView.swift */,
			);
			path = View;
			sourceTree = "<group>";
		};
		7FB3F1FB2B96979400E7B252 /* ViewModel */ = {
			isa = PBXGroup;
			children = (
				7FB3F2002B9697F100E7B252 /* ViewsViewModel.swift */,
			);
			path = ViewModel;
			sourceTree = "<group>";
		};
		7FB3F2042B96A25800E7B252 /* Custom */ = {
			isa = PBXGroup;
			children = (
				7FB3F2052B96A26C00E7B252 /* ViewWithShadow */,
				7FCE52D92BB26EE7009B8943 /* LabelTextFieldView */,
			);
			path = Custom;
			sourceTree = "<group>";
		};
		7FB3F2052B96A26C00E7B252 /* ViewWithShadow */ = {
			isa = PBXGroup;
			children = (
				7FB3F2062B96A27E00E7B252 /* ViewWithShadow.swift */,
				7FB3F2082B96A9E900E7B252 /* ViewWithShadowArgs.swift */,
			);
			path = ViewWithShadow;
			sourceTree = "<group>";
		};
		7FB3F20C2B96D09100E7B252 /* UIEvents */ = {
			isa = PBXGroup;
			children = (
				7FB3F20D2B96D13F00E7B252 /* ClickableGestureRecognizer.swift */,
				7FB3F20F2B96D16000E7B252 /* LongPressGestureRecognizer.swift */,
			);
			path = UIEvents;
			sourceTree = "<group>";
		};
		7FB3F2112B96D1F300E7B252 /* ViewController */ = {
			isa = PBXGroup;
			children = (
				7FE018892B833978008FC45A /* BaseViewController.swift */,
			);
			path = ViewController;
			sourceTree = "<group>";
		};
		7FB3F2122B96D25800E7B252 /* ViewModel */ = {
			isa = PBXGroup;
			children = (
				7FE0188B2B833A7F008FC45A /* BaseViewModel.swift */,
			);
			path = ViewModel;
			sourceTree = "<group>";
		};
		7FB3F2132B96D2C800E7B252 /* View */ = {
			isa = PBXGroup;
			children = (
				7FE018992B835405008FC45A /* Launch */,
				7FE018D62B838351008FC45A /* Loader */,
				7FB3F2042B96A25800E7B252 /* Custom */,
			);
			path = View;
			sourceTree = "<group>";
		};
		7FCE52C92BB26397009B8943 /* TextFields */ = {
			isa = PBXGroup;
			children = (
				7FCE52CA2BB263B3009B8943 /* DI */,
				7FCE52CB2BB263B8009B8943 /* Presentation */,
			);
			path = TextFields;
			sourceTree = "<group>";
		};
		7FCE52CA2BB263B3009B8943 /* DI */ = {
			isa = PBXGroup;
			children = (
				7FCE52CC2BB263D0009B8943 /* TextFieldsModule.swift */,
			);
			path = DI;
			sourceTree = "<group>";
		};
		7FCE52CB2BB263B8009B8943 /* Presentation */ = {
			isa = PBXGroup;
			children = (
				7FCE52CF2BB263F2009B8943 /* Coordinator */,
				7FCE52D02BB263FE009B8943 /* View */,
				7FCE52CE2BB263E0009B8943 /* ViewModel */,
			);
			path = Presentation;
			sourceTree = "<group>";
		};
		7FCE52CE2BB263E0009B8943 /* ViewModel */ = {
			isa = PBXGroup;
			children = (
				7FCE52D72BB26514009B8943 /* TextFieldsViewModel.swift */,
				7FFD0C9D2BB39FEC00B07B72 /* LabeledTextFieldViewModel.swift */,
			);
			path = ViewModel;
			sourceTree = "<group>";
		};
		7FCE52CF2BB263F2009B8943 /* Coordinator */ = {
			isa = PBXGroup;
			children = (
				7FCE52D32BB264B8009B8943 /* TextFieldsCoordinator.swift */,
			);
			path = Coordinator;
			sourceTree = "<group>";
		};
		7FCE52D02BB263FE009B8943 /* View */ = {
			isa = PBXGroup;
			children = (
				7FCE52D52BB264ED009B8943 /* TextFieldsViewController.swift */,
				7FFD0C9B2BB38F7700B07B72 /* LabeledTextFieldViewController.swift */,
			);
			path = View;
			sourceTree = "<group>";
		};
		7FCE52D92BB26EE7009B8943 /* LabelTextFieldView */ = {
			isa = PBXGroup;
			children = (
				7FCE52DA2BB2707C009B8943 /* LabelTextFieldView.swift */,
				7FCBE1582BB3161100D9C532 /* LabeledTextFieldViewArgs.swift */,
			);
			path = LabelTextFieldView;
			sourceTree = "<group>";
		};
		7FD1597E2B82C6FA00347CA1 = {
			isa = PBXGroup;
			children = (
				7FD159892B82C6FA00347CA1 /* Swift-1UIComponents */,
				7FD159882B82C6FA00347CA1 /* Products */,
				666FC1A9A6F559D8FF3A3FB0 /* Pods */,
				248E83AE589D97B8BA469070 /* Frameworks */,
			);
			sourceTree = "<group>";
		};
		7FD159882B82C6FA00347CA1 /* Products */ = {
			isa = PBXGroup;
			children = (
				7FD159872B82C6FA00347CA1 /* Swift-1UIComponents.app */,
			);
			name = Products;
			sourceTree = "<group>";
		};
		7FD159892B82C6FA00347CA1 /* Swift-1UIComponents */ = {
			isa = PBXGroup;
			children = (
				7F8CD2472B82D3BB0045D49D /* AppLife */,
				7FE018CC2B837936008FC45A /* SwiftGen */,
				7FE018982B8353ED008FC45A /* Resources */,
				7FE018712B82D7E1008FC45A /* AppModules */,
				7FE018A22B8361B7008FC45A /* Utils */,
				7FD159982B82C6FB00347CA1 /* Info.plist */,
			);
			path = "Swift-1UIComponents";
			sourceTree = "<group>";
		};
		7FE018712B82D7E1008FC45A /* AppModules */ = {
			isa = PBXGroup;
			children = (
				7FE018722B82D7EA008FC45A /* Core */,
				7FE018802B82D8BA008FC45A /* Home */,
				7FE0189F2B8355B0008FC45A /* Label */,
				7FE018E82B83C4BC008FC45A /* Images */,
				7FB3F1F62B96976900E7B252 /* Views */,
				7F0115C12B97DA8B002A82A6 /* Buttons */,
				7FCE52C92BB26397009B8943 /* TextFields */,
			);
			path = AppModules;
			sourceTree = "<group>";
		};
		7FE018722B82D7EA008FC45A /* Core */ = {
			isa = PBXGroup;
			children = (
				7FE018732B82D7F1008FC45A /* DI */,
				7FE0187A2B82D883008FC45A /* Data */,
				7FE018882B8338CE008FC45A /* Presentation */,
			);
			path = Core;
			sourceTree = "<group>";
		};
		7FE018732B82D7F1008FC45A /* DI */ = {
			isa = PBXGroup;
			children = (
				7FE018742B82D7FE008FC45A /* Injection.swift */,
				7FE018762B82D813008FC45A /* MainControllerProvider.swift */,
				7FE018782B82D832008FC45A /* MainModule.swift */,
			);
			path = DI;
			sourceTree = "<group>";
		};
		7FE0187A2B82D883008FC45A /* Data */ = {
			isa = PBXGroup;
			children = (
				7FE0187B2B82D88C008FC45A /* NotificationCenterWrapper */,
			);
			path = Data;
			sourceTree = "<group>";
		};
		7FE0187B2B82D88C008FC45A /* NotificationCenterWrapper */ = {
			isa = PBXGroup;
			children = (
				7FE0187C2B82D895008FC45A /* NotificationCenterWrapper.swift */,
				7FE0187E2B82D8A4008FC45A /* NotificationCenterWrapperImpl.swift */,
			);
			path = NotificationCenterWrapper;
			sourceTree = "<group>";
		};
		7FE018802B82D8BA008FC45A /* Home */ = {
			isa = PBXGroup;
			children = (
				7FE0188F2B8344D3008FC45A /* DI */,
				7FE018812B82D8C4008FC45A /* Presentation */,
			);
			path = Home;
			sourceTree = "<group>";
		};
		7FE018812B82D8C4008FC45A /* Presentation */ = {
			isa = PBXGroup;
			children = (
				7FE0189A2B835483008FC45A /* Entity */,
				7FE018922B83457E008FC45A /* Coordinator */,
				7FE018822B82D8CD008FC45A /* View */,
				7FE018832B82D8D2008FC45A /* ViewModel */,
			);
			path = Presentation;
			sourceTree = "<group>";
		};
		7FE018822B82D8CD008FC45A /* View */ = {
			isa = PBXGroup;
			children = (
				7FE018842B82D966008FC45A /* HomeViewController.swift */,
				7FE018A62B83620B008FC45A /* HomeTableViewCell.swift */,
			);
			path = View;
			sourceTree = "<group>";
		};
		7FE018832B82D8D2008FC45A /* ViewModel */ = {
			isa = PBXGroup;
			children = (
				7FE018862B82D997008FC45A /* HomeViewModel.swift */,
			);
			path = ViewModel;
			sourceTree = "<group>";
		};
		7FE018882B8338CE008FC45A /* Presentation */ = {
			isa = PBXGroup;
			children = (
				7FB3F20C2B96D09100E7B252 /* UIEvents */,
				7FE018952B8353BD008FC45A /* Coordinator */,
				7FB3F2112B96D1F300E7B252 /* ViewController */,
				7FB3F2122B96D25800E7B252 /* ViewModel */,
				7FB3F2132B96D2C800E7B252 /* View */,
			);
			path = Presentation;
			sourceTree = "<group>";
		};
		7FE0188F2B8344D3008FC45A /* DI */ = {
			isa = PBXGroup;
			children = (
				7FE018902B8344DC008FC45A /* HomeModule.swift */,
			);
			path = DI;
			sourceTree = "<group>";
		};
		7FE018922B83457E008FC45A /* Coordinator */ = {
			isa = PBXGroup;
			children = (
				7FE018932B834586008FC45A /* HomeCoordinator.swift */,
			);
			path = Coordinator;
			sourceTree = "<group>";
		};
		7FE018952B8353BD008FC45A /* Coordinator */ = {
			isa = PBXGroup;
			children = (
				7F8CD2492B82D4310045D49D /* CoordinatorProtocol.swift */,
				7F8CD24B2B82D43D0045D49D /* InitCoordinator.swift */,
				7FE0188D2B833B41008FC45A /* Coordinator.swift */,
			);
			path = Coordinator;
			sourceTree = "<group>";
		};
		7FE018982B8353ED008FC45A /* Resources */ = {
			isa = PBXGroup;
			children = (
				7FE018B32B836714008FC45A /* Font */,
				7FD159932B82C6FB00347CA1 /* Assets.xcassets */,
				7FE018D42B837A77008FC45A /* Localizable.strings */,
			);
			path = Resources;
			sourceTree = "<group>";
		};
		7FE018992B835405008FC45A /* Launch */ = {
			isa = PBXGroup;
			children = (
				7FD159952B82C6FB00347CA1 /* LaunchScreen.storyboard */,
			);
			path = Launch;
			sourceTree = "<group>";
		};
		7FE0189A2B835483008FC45A /* Entity */ = {
			isa = PBXGroup;
			children = (
				7FE0189D2B8354C9008FC45A /* UiHomeOption.swift */,
			);
			path = Entity;
			sourceTree = "<group>";
		};
		7FE0189F2B8355B0008FC45A /* Label */ = {
			isa = PBXGroup;
			children = (
				7FE018DC2B838950008FC45A /* DI */,
				7FE018DB2B838945008FC45A /* Presentation */,
			);
			path = Label;
			sourceTree = "<group>";
		};
		7FE018A22B8361B7008FC45A /* Utils */ = {
			isa = PBXGroup;
			children = (
				7F7CD8622BB3666C00E3D477 /* Helpers */,
				7FE018A82B836236008FC45A /* Constants */,
				7FE018A32B8361BC008FC45A /* Extensions */,
			);
			path = Utils;
			sourceTree = "<group>";
		};
		7FE018A32B8361BC008FC45A /* Extensions */ = {
			isa = PBXGroup;
			children = (
				7FE018B02B836503008FC45A /* StringExtension.swift */,
				7FE018CA2B836D71008FC45A /* UIColorExtensions.swift */,
				7FE018A42B8361CE008FC45A /* UITableViewExtension.swift */,
				7FE018C02B836936008FC45A /* UIViewControllerExtension.swift */,
				7FB3F1F42B96794A00E7B252 /* UIImageViewExtension.swift */,
				7FB3F2142B96D37200E7B252 /* UIViewExtensions.swift */,
				7F0115CF2B97DEBA002A82A6 /* UIButtonExtension.swift */,
				7FCBE1562BB3149D00D9C532 /* UITextFieldExtension.swift */,
			);
			path = Extensions;
			sourceTree = "<group>";
		};
		7FE018A82B836236008FC45A /* Constants */ = {
			isa = PBXGroup;
			children = (
				7FE018BE2B83686D008FC45A /* Colors.swift */,
				7FE018A92B836243008FC45A /* Dimensions.swift */,
				7FE018BC2B8367C2008FC45A /* Fonts.swift */,
			);
			path = Constants;
			sourceTree = "<group>";
		};
		7FE018B32B836714008FC45A /* Font */ = {
			isa = PBXGroup;
			children = (
				7FE018B42B836714008FC45A /* Montserrat-Light.ttf */,
				7FE018B52B836714008FC45A /* Montserrat-Bold.ttf */,
				7FE018B62B836714008FC45A /* Montserrat-SemiBold.ttf */,
				7FE018B72B836714008FC45A /* Montserrat-Regular.ttf */,
			);
			path = Font;
			sourceTree = "<group>";
		};
		7FE018CC2B837936008FC45A /* SwiftGen */ = {
			isa = PBXGroup;
			children = (
				7FE018CD2B837936008FC45A /* Strings.swift */,
				7FE018CE2B837936008FC45A /* Assets.swift */,
				7FE018CF2B837936008FC45A /* swiftgen.yml */,
			);
			path = SwiftGen;
			sourceTree = "<group>";
		};
		7FE018D62B838351008FC45A /* Loader */ = {
			isa = PBXGroup;
			children = (
				7FE018D72B83835D008FC45A /* LoaderView.swift */,
				7FE018D92B83843B008FC45A /* ProgressBarView.swift */,
			);
			path = Loader;
			sourceTree = "<group>";
		};
		7FE018DB2B838945008FC45A /* Presentation */ = {
			isa = PBXGroup;
			children = (
				7FE018DD2B838955008FC45A /* Coordinator */,
				7FE018DF2B838960008FC45A /* View */,
				7FE018DE2B83895B008FC45A /* ViewModel */,
			);
			path = Presentation;
			sourceTree = "<group>";
		};
		7FE018DC2B838950008FC45A /* DI */ = {
			isa = PBXGroup;
			children = (
				7FE018E62B83B92F008FC45A /* LabelModule.swift */,
			);
			path = DI;
			sourceTree = "<group>";
		};
		7FE018DD2B838955008FC45A /* Coordinator */ = {
			isa = PBXGroup;
			children = (
				7FE018E42B8389AA008FC45A /* LabelsCoordinator.swift */,
			);
			path = Coordinator;
			sourceTree = "<group>";
		};
		7FE018DE2B83895B008FC45A /* ViewModel */ = {
			isa = PBXGroup;
			children = (
				7FE018E22B83898C008FC45A /* LabelsViewModel.swift */,
			);
			path = ViewModel;
			sourceTree = "<group>";
		};
		7FE018DF2B838960008FC45A /* View */ = {
			isa = PBXGroup;
			children = (
				7FE018E02B838975008FC45A /* LabelsViewController.swift */,
			);
			path = View;
			sourceTree = "<group>";
		};
		7FE018E82B83C4BC008FC45A /* Images */ = {
			isa = PBXGroup;
			children = (
				7FE018F32B83C716008FC45A /* DI */,
				7FE018F22B83C70C008FC45A /* Presentation */,
			);
			path = Images;
			sourceTree = "<group>";
		};
		7FE018E92B83C4E3008FC45A /* Coordinator */ = {
			isa = PBXGroup;
			children = (
				7FE018EC2B83C51D008FC45A /* ImagesCoordinator.swift */,
			);
			path = Coordinator;
			sourceTree = "<group>";
		};
		7FE018EA2B83C4E8008FC45A /* ViewModel */ = {
			isa = PBXGroup;
			children = (
				7FE018F02B83C55D008FC45A /* ImagesViewModel.swift */,
			);
			path = ViewModel;
			sourceTree = "<group>";
		};
		7FE018EB2B83C4EF008FC45A /* View */ = {
			isa = PBXGroup;
			children = (
				7FE018EE2B83C538008FC45A /* ImagesViewController.swift */,
			);
			path = View;
			sourceTree = "<group>";
		};
		7FE018F22B83C70C008FC45A /* Presentation */ = {
			isa = PBXGroup;
			children = (
				7FE018E92B83C4E3008FC45A /* Coordinator */,
				7FE018EB2B83C4EF008FC45A /* View */,
				7FE018EA2B83C4E8008FC45A /* ViewModel */,
			);
			path = Presentation;
			sourceTree = "<group>";
		};
		7FE018F32B83C716008FC45A /* DI */ = {
			isa = PBXGroup;
			children = (
				7FE018F42B83C72B008FC45A /* ImagesModule.swift */,
			);
			path = DI;
			sourceTree = "<group>";
		};
/* End PBXGroup section */

/* Begin PBXNativeTarget section */
		7FD159862B82C6FA00347CA1 /* Swift-1UIComponents */ = {
			isa = PBXNativeTarget;
			buildConfigurationList = 7FD1599B2B82C6FB00347CA1 /* Build configuration list for PBXNativeTarget "Swift-1UIComponents" */;
			buildPhases = (
				80ACEAD8AF83B31FE9584D9A /* [CP] Check Pods Manifest.lock */,
				7FD159832B82C6FA00347CA1 /* Sources */,
				7FD159842B82C6FA00347CA1 /* Frameworks */,
				7FD159852B82C6FA00347CA1 /* Resources */,
				C16D4F629E2332510B570984 /* [CP] Embed Pods Frameworks */,
				7FE018D32B83793A008FC45A /* SwiftGenXD */,
			);
			buildRules = (
			);
			dependencies = (
			);
			name = "Swift-1UIComponents";
			productName = "Swift-1UIComponents";
			productReference = 7FD159872B82C6FA00347CA1 /* Swift-1UIComponents.app */;
			productType = "com.apple.product-type.application";
		};
/* End PBXNativeTarget section */

/* Begin PBXProject section */
		7FD1597F2B82C6FA00347CA1 /* Project object */ = {
			isa = PBXProject;
			attributes = {
				BuildIndependentTargetsInParallel = 1;
				LastSwiftUpdateCheck = 1520;
				LastUpgradeCheck = 1520;
				TargetAttributes = {
					7FD159862B82C6FA00347CA1 = {
						CreatedOnToolsVersion = 15.2;
					};
				};
			};
			buildConfigurationList = 7FD159822B82C6FA00347CA1 /* Build configuration list for PBXProject "Swift-1UIComponents" */;
			compatibilityVersion = "Xcode 14.0";
			developmentRegion = en;
			hasScannedForEncodings = 0;
			knownRegions = (
				en,
				Base,
			);
			mainGroup = 7FD1597E2B82C6FA00347CA1;
			productRefGroup = 7FD159882B82C6FA00347CA1 /* Products */;
			projectDirPath = "";
			projectRoot = "";
			targets = (
				7FD159862B82C6FA00347CA1 /* Swift-1UIComponents */,
			);
		};
/* End PBXProject section */

/* Begin PBXResourcesBuildPhase section */
		7FD159852B82C6FA00347CA1 /* Resources */ = {
			isa = PBXResourcesBuildPhase;
			buildActionMask = 2147483647;
			files = (
				7FE018BA2B836714008FC45A /* Montserrat-SemiBold.ttf in Resources */,
				7FE018B92B836714008FC45A /* Montserrat-Bold.ttf in Resources */,
				7FE018BB2B836714008FC45A /* Montserrat-Regular.ttf in Resources */,
				7FE018D22B837937008FC45A /* swiftgen.yml in Resources */,
				7FE018B82B836714008FC45A /* Montserrat-Light.ttf in Resources */,
				7FE018D52B837A77008FC45A /* Localizable.strings in Resources */,
				7FD159972B82C6FB00347CA1 /* LaunchScreen.storyboard in Resources */,
				7FD159942B82C6FB00347CA1 /* Assets.xcassets in Resources */,
			);
			runOnlyForDeploymentPostprocessing = 0;
		};
/* End PBXResourcesBuildPhase section */

/* Begin PBXShellScriptBuildPhase section */
		7FE018D32B83793A008FC45A /* SwiftGenXD */ = {
			isa = PBXShellScriptBuildPhase;
			buildActionMask = 2147483647;
			files = (
			);
			inputFileListPaths = (
			);
			inputPaths = (
			);
			name = SwiftGenXD;
			outputFileListPaths = (
			);
			outputPaths = (
			);
			runOnlyForDeploymentPostprocessing = 0;
			shellPath = /bin/sh;
			shellScript = "# Type a script or drag a script file from your workspace to insert its path.\nexport PATH=\"$PATH:/opt/homebrew/bin\"\nif which swiftgen >& /dev/null; then\nswiftgen config run --config Swift-1UIComponents/SwiftGen/swiftgen.yml\nelse\n    echo \"error: SwiftGen not installed, download from https://github.com/SwiftGen/SwiftGen/\"\nfi\n";
		};
		80ACEAD8AF83B31FE9584D9A /* [CP] Check Pods Manifest.lock */ = {
			isa = PBXShellScriptBuildPhase;
			buildActionMask = 2147483647;
			files = (
			);
			inputFileListPaths = (
			);
			inputPaths = (
				"${PODS_PODFILE_DIR_PATH}/Podfile.lock",
				"${PODS_ROOT}/Manifest.lock",
			);
			name = "[CP] Check Pods Manifest.lock";
			outputFileListPaths = (
			);
			outputPaths = (
				"$(DERIVED_FILE_DIR)/Pods-Swift-1UIComponents-checkManifestLockResult.txt",
			);
			runOnlyForDeploymentPostprocessing = 0;
			shellPath = /bin/sh;
			shellScript = "diff \"${PODS_PODFILE_DIR_PATH}/Podfile.lock\" \"${PODS_ROOT}/Manifest.lock\" > /dev/null\nif [ $? != 0 ] ; then\n    # print error to STDERR\n    echo \"error: The sandbox is not in sync with the Podfile.lock. Run 'pod install' or update your CocoaPods installation.\" >&2\n    exit 1\nfi\n# This output is used by Xcode 'outputs' to avoid re-running this script phase.\necho \"SUCCESS\" > \"${SCRIPT_OUTPUT_FILE_0}\"\n";
			showEnvVarsInLog = 0;
		};
		C16D4F629E2332510B570984 /* [CP] Embed Pods Frameworks */ = {
			isa = PBXShellScriptBuildPhase;
			buildActionMask = 2147483647;
			files = (
			);
			inputFileListPaths = (
				"${PODS_ROOT}/Target Support Files/Pods-Swift-1UIComponents/Pods-Swift-1UIComponents-frameworks-${CONFIGURATION}-input-files.xcfilelist",
			);
			name = "[CP] Embed Pods Frameworks";
			outputFileListPaths = (
				"${PODS_ROOT}/Target Support Files/Pods-Swift-1UIComponents/Pods-Swift-1UIComponents-frameworks-${CONFIGURATION}-output-files.xcfilelist",
			);
			runOnlyForDeploymentPostprocessing = 0;
			shellPath = /bin/sh;
			shellScript = "\"${PODS_ROOT}/Target Support Files/Pods-Swift-1UIComponents/Pods-Swift-1UIComponents-frameworks.sh\"\n";
			showEnvVarsInLog = 0;
		};
/* End PBXShellScriptBuildPhase section */

/* Begin PBXSourcesBuildPhase section */
		7FD159832B82C6FA00347CA1 /* Sources */ = {
			isa = PBXSourcesBuildPhase;
			buildActionMask = 2147483647;
			files = (
				7F0115CE2B97DD15002A82A6 /* ButtonsViewModel.swift in Sources */,
				7FB3F2072B96A27E00E7B252 /* ViewWithShadow.swift in Sources */,
				7FE0188A2B833978008FC45A /* BaseViewController.swift in Sources */,
				7F0115C02B9787DD002A82A6 /* ViewWithConfigView.swift in Sources */,
				7FE018BF2B83686D008FC45A /* Colors.swift in Sources */,
				7FE018E72B83B92F008FC45A /* LabelModule.swift in Sources */,
				7FE018C12B836936008FC45A /* UIViewControllerExtension.swift in Sources */,
				7FE0189E2B8354C9008FC45A /* UiHomeOption.swift in Sources */,
				7FB3F2012B9697F100E7B252 /* ViewsViewModel.swift in Sources */,
				7F0115CC2B97DD0B002A82A6 /* ButtonsViewController.swift in Sources */,
				7FE018D82B83835D008FC45A /* LoaderView.swift in Sources */,
				7FE0188E2B833B41008FC45A /* Coordinator.swift in Sources */,
				7FE018942B834586008FC45A /* HomeCoordinator.swift in Sources */,
				7FB3F2152B96D37200E7B252 /* UIViewExtensions.swift in Sources */,
				7FD1598B2B82C6FA00347CA1 /* AppDelegate.swift in Sources */,
				7F0115C42B97DCCD002A82A6 /* ButtonsModule.swift in Sources */,
				7FE018AA2B836243008FC45A /* Dimensions.swift in Sources */,
				7FE018F52B83C72B008FC45A /* ImagesModule.swift in Sources */,
				7FB3F1FF2B9697DC00E7B252 /* ViewsCoordinator.swift in Sources */,
				7FB3F20E2B96D13F00E7B252 /* ClickableGestureRecognizer.swift in Sources */,
				7FCBE1592BB3161100D9C532 /* LabeledTextFieldViewArgs.swift in Sources */,
				7FE018E52B8389AA008FC45A /* LabelsCoordinator.swift in Sources */,
				7FE0188C2B833A7F008FC45A /* BaseViewModel.swift in Sources */,
				7FCE52D42BB264B8009B8943 /* TextFieldsCoordinator.swift in Sources */,
				7FE018A72B83620B008FC45A /* HomeTableViewCell.swift in Sources */,
				7F0115D02B97DEBA002A82A6 /* UIButtonExtension.swift in Sources */,
				7FCBE1572BB3149D00D9C532 /* UITextFieldExtension.swift in Sources */,
				7FFD0C9C2BB38F7700B07B72 /* LabeledTextFieldViewController.swift in Sources */,
				7FE018D02B837937008FC45A /* Strings.swift in Sources */,
				7FE0187D2B82D895008FC45A /* NotificationCenterWrapper.swift in Sources */,
				7FCE52D62BB264ED009B8943 /* TextFieldsViewController.swift in Sources */,
				7FB3F1FD2B9697B600E7B252 /* ViewsViewController.swift in Sources */,
				7FB3F20B2B96B23900E7B252 /* ViewWithActionView.swift in Sources */,
				7FE018EF2B83C538008FC45A /* ImagesViewController.swift in Sources */,
				7F8CD24C2B82D43D0045D49D /* InitCoordinator.swift in Sources */,
				7FE018E12B838975008FC45A /* LabelsViewController.swift in Sources */,
				7FE018F12B83C55D008FC45A /* ImagesViewModel.swift in Sources */,
				7FE018E32B83898C008FC45A /* LabelsViewModel.swift in Sources */,
				7FCE52CD2BB263D0009B8943 /* TextFieldsModule.swift in Sources */,
				7FE018BD2B8367C2008FC45A /* Fonts.swift in Sources */,
				7FCE52DB2BB2707C009B8943 /* LabelTextFieldView.swift in Sources */,
				7FB3F1F52B96794A00E7B252 /* UIImageViewExtension.swift in Sources */,
				7FCE52D82BB26514009B8943 /* TextFieldsViewModel.swift in Sources */,
				7FB3F2032B969F5F00E7B252 /* ViewsModule.swift in Sources */,
				7FE018772B82D813008FC45A /* MainControllerProvider.swift in Sources */,
				7FB3F2092B96A9E900E7B252 /* ViewWithShadowArgs.swift in Sources */,
				7F7CD8642BB3667C00E3D477 /* RutHelper.swift in Sources */,
				7FE018CB2B836D71008FC45A /* UIColorExtensions.swift in Sources */,
				7FE018A52B8361CE008FC45A /* UITableViewExtension.swift in Sources */,
				7FE018ED2B83C51D008FC45A /* ImagesCoordinator.swift in Sources */,
				7FE018DA2B83843B008FC45A /* ProgressBarView.swift in Sources */,
				7FE018752B82D7FE008FC45A /* Injection.swift in Sources */,
				7F8CD24A2B82D4310045D49D /* CoordinatorProtocol.swift in Sources */,
				7FE018912B8344DC008FC45A /* HomeModule.swift in Sources */,
				7F0115CA2B97DCFE002A82A6 /* ButtonsCoordinator.swift in Sources */,
				7FE018872B82D997008FC45A /* HomeViewModel.swift in Sources */,
				7FFD0C9E2BB39FEC00B07B72 /* LabeledTextFieldViewModel.swift in Sources */,
				7FE018D12B837937008FC45A /* Assets.swift in Sources */,
				7FE018852B82D966008FC45A /* HomeViewController.swift in Sources */,
				7FE0187F2B82D8A4008FC45A /* NotificationCenterWrapperImpl.swift in Sources */,
				7FE018792B82D832008FC45A /* MainModule.swift in Sources */,
				7FB3F2102B96D16000E7B252 /* LongPressGestureRecognizer.swift in Sources */,
				7FE018B12B836503008FC45A /* StringExtension.swift in Sources */,
				7FD1598D2B82C6FA00347CA1 /* SceneDelegate.swift in Sources */,
			);
			runOnlyForDeploymentPostprocessing = 0;
		};
/* End PBXSourcesBuildPhase section */

/* Begin PBXVariantGroup section */
		7FD159952B82C6FB00347CA1 /* LaunchScreen.storyboard */ = {
			isa = PBXVariantGroup;
			children = (
				7FD159962B82C6FB00347CA1 /* Base */,
			);
			name = LaunchScreen.storyboard;
			sourceTree = "<group>";
		};
/* End PBXVariantGroup section */

/* Begin XCBuildConfiguration section */
		7FD159992B82C6FB00347CA1 /* Debug */ = {
			isa = XCBuildConfiguration;
			buildSettings = {
				ALWAYS_SEARCH_USER_PATHS = NO;
				ASSETCATALOG_COMPILER_GENERATE_SWIFT_ASSET_SYMBOL_EXTENSIONS = YES;
				CLANG_ANALYZER_LOCALIZABILITY_NONLOCALIZED = YES;
				CLANG_ANALYZER_NONNULL = YES;
				CLANG_ANALYZER_NUMBER_OBJECT_CONVERSION = YES_AGGRESSIVE;
				CLANG_CXX_LANGUAGE_STANDARD = "gnu++20";
				CLANG_ENABLE_MODULES = YES;
				CLANG_ENABLE_OBJC_ARC = YES;
				CLANG_ENABLE_OBJC_WEAK = YES;
				CLANG_WARN_BLOCK_CAPTURE_AUTORELEASING = YES;
				CLANG_WARN_BOOL_CONVERSION = YES;
				CLANG_WARN_COMMA = YES;
				CLANG_WARN_CONSTANT_CONVERSION = YES;
				CLANG_WARN_DEPRECATED_OBJC_IMPLEMENTATIONS = YES;
				CLANG_WARN_DIRECT_OBJC_ISA_USAGE = YES_ERROR;
				CLANG_WARN_DOCUMENTATION_COMMENTS = YES;
				CLANG_WARN_EMPTY_BODY = YES;
				CLANG_WARN_ENUM_CONVERSION = YES;
				CLANG_WARN_INFINITE_RECURSION = YES;
				CLANG_WARN_INT_CONVERSION = YES;
				CLANG_WARN_NON_LITERAL_NULL_CONVERSION = YES;
				CLANG_WARN_OBJC_IMPLICIT_RETAIN_SELF = YES;
				CLANG_WARN_OBJC_LITERAL_CONVERSION = YES;
				CLANG_WARN_OBJC_ROOT_CLASS = YES_ERROR;
				CLANG_WARN_QUOTED_INCLUDE_IN_FRAMEWORK_HEADER = YES;
				CLANG_WARN_RANGE_LOOP_ANALYSIS = YES;
				CLANG_WARN_STRICT_PROTOTYPES = YES;
				CLANG_WARN_SUSPICIOUS_MOVE = YES;
				CLANG_WARN_UNGUARDED_AVAILABILITY = YES_AGGRESSIVE;
				CLANG_WARN_UNREACHABLE_CODE = YES;
				CLANG_WARN__DUPLICATE_METHOD_MATCH = YES;
				COPY_PHASE_STRIP = NO;
				DEBUG_INFORMATION_FORMAT = dwarf;
				ENABLE_STRICT_OBJC_MSGSEND = YES;
				ENABLE_TESTABILITY = YES;
				ENABLE_USER_SCRIPT_SANDBOXING = NO;
				GCC_C_LANGUAGE_STANDARD = gnu17;
				GCC_DYNAMIC_NO_PIC = NO;
				GCC_NO_COMMON_BLOCKS = YES;
				GCC_OPTIMIZATION_LEVEL = 0;
				GCC_PREPROCESSOR_DEFINITIONS = (
					"DEBUG=1",
					"$(inherited)",
				);
				GCC_WARN_64_TO_32_BIT_CONVERSION = YES;
				GCC_WARN_ABOUT_RETURN_TYPE = YES_ERROR;
				GCC_WARN_UNDECLARED_SELECTOR = YES;
				GCC_WARN_UNINITIALIZED_AUTOS = YES_AGGRESSIVE;
				GCC_WARN_UNUSED_FUNCTION = YES;
				GCC_WARN_UNUSED_VARIABLE = YES;
				IPHONEOS_DEPLOYMENT_TARGET = 17.2;
				LOCALIZATION_PREFERS_STRING_CATALOGS = YES;
				MTL_ENABLE_DEBUG_INFO = INCLUDE_SOURCE;
				MTL_FAST_MATH = YES;
				ONLY_ACTIVE_ARCH = YES;
				SDKROOT = iphoneos;
				SWIFT_ACTIVE_COMPILATION_CONDITIONS = "DEBUG $(inherited)";
				SWIFT_OPTIMIZATION_LEVEL = "-Onone";
			};
			name = Debug;
		};
		7FD1599A2B82C6FB00347CA1 /* Release */ = {
			isa = XCBuildConfiguration;
			buildSettings = {
				ALWAYS_SEARCH_USER_PATHS = NO;
				ASSETCATALOG_COMPILER_GENERATE_SWIFT_ASSET_SYMBOL_EXTENSIONS = YES;
				CLANG_ANALYZER_LOCALIZABILITY_NONLOCALIZED = YES;
				CLANG_ANALYZER_NONNULL = YES;
				CLANG_ANALYZER_NUMBER_OBJECT_CONVERSION = YES_AGGRESSIVE;
				CLANG_CXX_LANGUAGE_STANDARD = "gnu++20";
				CLANG_ENABLE_MODULES = YES;
				CLANG_ENABLE_OBJC_ARC = YES;
				CLANG_ENABLE_OBJC_WEAK = YES;
				CLANG_WARN_BLOCK_CAPTURE_AUTORELEASING = YES;
				CLANG_WARN_BOOL_CONVERSION = YES;
				CLANG_WARN_COMMA = YES;
				CLANG_WARN_CONSTANT_CONVERSION = YES;
				CLANG_WARN_DEPRECATED_OBJC_IMPLEMENTATIONS = YES;
				CLANG_WARN_DIRECT_OBJC_ISA_USAGE = YES_ERROR;
				CLANG_WARN_DOCUMENTATION_COMMENTS = YES;
				CLANG_WARN_EMPTY_BODY = YES;
				CLANG_WARN_ENUM_CONVERSION = YES;
				CLANG_WARN_INFINITE_RECURSION = YES;
				CLANG_WARN_INT_CONVERSION = YES;
				CLANG_WARN_NON_LITERAL_NULL_CONVERSION = YES;
				CLANG_WARN_OBJC_IMPLICIT_RETAIN_SELF = YES;
				CLANG_WARN_OBJC_LITERAL_CONVERSION = YES;
				CLANG_WARN_OBJC_ROOT_CLASS = YES_ERROR;
				CLANG_WARN_QUOTED_INCLUDE_IN_FRAMEWORK_HEADER = YES;
				CLANG_WARN_RANGE_LOOP_ANALYSIS = YES;
				CLANG_WARN_STRICT_PROTOTYPES = YES;
				CLANG_WARN_SUSPICIOUS_MOVE = YES;
				CLANG_WARN_UNGUARDED_AVAILABILITY = YES_AGGRESSIVE;
				CLANG_WARN_UNREACHABLE_CODE = YES;
				CLANG_WARN__DUPLICATE_METHOD_MATCH = YES;
				COPY_PHASE_STRIP = NO;
				DEBUG_INFORMATION_FORMAT = "dwarf-with-dsym";
				ENABLE_NS_ASSERTIONS = NO;
				ENABLE_STRICT_OBJC_MSGSEND = YES;
				ENABLE_USER_SCRIPT_SANDBOXING = NO;
				GCC_C_LANGUAGE_STANDARD = gnu17;
				GCC_NO_COMMON_BLOCKS = YES;
				GCC_WARN_64_TO_32_BIT_CONVERSION = YES;
				GCC_WARN_ABOUT_RETURN_TYPE = YES_ERROR;
				GCC_WARN_UNDECLARED_SELECTOR = YES;
				GCC_WARN_UNINITIALIZED_AUTOS = YES_AGGRESSIVE;
				GCC_WARN_UNUSED_FUNCTION = YES;
				GCC_WARN_UNUSED_VARIABLE = YES;
				IPHONEOS_DEPLOYMENT_TARGET = 17.2;
				LOCALIZATION_PREFERS_STRING_CATALOGS = YES;
				MTL_ENABLE_DEBUG_INFO = NO;
				MTL_FAST_MATH = YES;
				SDKROOT = iphoneos;
				SWIFT_COMPILATION_MODE = wholemodule;
				VALIDATE_PRODUCT = YES;
			};
			name = Release;
		};
		7FD1599C2B82C6FB00347CA1 /* Debug */ = {
			isa = XCBuildConfiguration;
			baseConfigurationReference = B71F65727C2F1CC595823B19 /* Pods-Swift-1UIComponents.debug.xcconfig */;
			buildSettings = {
				ASSETCATALOG_COMPILER_APPICON_NAME = AppIcon;
				ASSETCATALOG_COMPILER_GLOBAL_ACCENT_COLOR_NAME = AccentColor;
				CODE_SIGN_STYLE = Automatic;
				CURRENT_PROJECT_VERSION = 1;
				DEVELOPMENT_TEAM = ML7FBVGX3D;
				GENERATE_INFOPLIST_FILE = YES;
				INFOPLIST_FILE = "Swift-1UIComponents/Info.plist";
				INFOPLIST_KEY_UIApplicationSupportsIndirectInputEvents = YES;
				INFOPLIST_KEY_UILaunchStoryboardName = LaunchScreen;
				INFOPLIST_KEY_UISupportedInterfaceOrientations_iPad = "UIInterfaceOrientationPortrait UIInterfaceOrientationPortraitUpsideDown UIInterfaceOrientationLandscapeLeft UIInterfaceOrientationLandscapeRight";
				INFOPLIST_KEY_UISupportedInterfaceOrientations_iPhone = "UIInterfaceOrientationPortrait UIInterfaceOrientationLandscapeLeft UIInterfaceOrientationLandscapeRight";
				LD_RUNPATH_SEARCH_PATHS = (
					"$(inherited)",
					"@executable_path/Frameworks",
				);
				MARKETING_VERSION = 1.0;
				PRODUCT_BUNDLE_IDENTIFIER = "gtorostudy.Swift-1UIComponents";
				PRODUCT_NAME = "$(TARGET_NAME)";
				SWIFT_EMIT_LOC_STRINGS = YES;
				SWIFT_VERSION = 5.0;
				TARGETED_DEVICE_FAMILY = "1,2";
			};
			name = Debug;
		};
		7FD1599D2B82C6FB00347CA1 /* Release */ = {
			isa = XCBuildConfiguration;
			baseConfigurationReference = BE4E9807FFED8A6466F9A306 /* Pods-Swift-1UIComponents.release.xcconfig */;
			buildSettings = {
				ASSETCATALOG_COMPILER_APPICON_NAME = AppIcon;
				ASSETCATALOG_COMPILER_GLOBAL_ACCENT_COLOR_NAME = AccentColor;
				CODE_SIGN_STYLE = Automatic;
				CURRENT_PROJECT_VERSION = 1;
				DEVELOPMENT_TEAM = ML7FBVGX3D;
				GENERATE_INFOPLIST_FILE = YES;
				INFOPLIST_FILE = "Swift-1UIComponents/Info.plist";
				INFOPLIST_KEY_UIApplicationSupportsIndirectInputEvents = YES;
				INFOPLIST_KEY_UILaunchStoryboardName = LaunchScreen;
				INFOPLIST_KEY_UISupportedInterfaceOrientations_iPad = "UIInterfaceOrientationPortrait UIInterfaceOrientationPortraitUpsideDown UIInterfaceOrientationLandscapeLeft UIInterfaceOrientationLandscapeRight";
				INFOPLIST_KEY_UISupportedInterfaceOrientations_iPhone = "UIInterfaceOrientationPortrait UIInterfaceOrientationLandscapeLeft UIInterfaceOrientationLandscapeRight";
				LD_RUNPATH_SEARCH_PATHS = (
					"$(inherited)",
					"@executable_path/Frameworks",
				);
				MARKETING_VERSION = 1.0;
				PRODUCT_BUNDLE_IDENTIFIER = "gtorostudy.Swift-1UIComponents";
				PRODUCT_NAME = "$(TARGET_NAME)";
				SWIFT_EMIT_LOC_STRINGS = YES;
				SWIFT_VERSION = 5.0;
				TARGETED_DEVICE_FAMILY = "1,2";
			};
			name = Release;
		};
/* End XCBuildConfiguration section */

/* Begin XCConfigurationList section */
		7FD159822B82C6FA00347CA1 /* Build configuration list for PBXProject "Swift-1UIComponents" */ = {
			isa = XCConfigurationList;
			buildConfigurations = (
				7FD159992B82C6FB00347CA1 /* Debug */,
				7FD1599A2B82C6FB00347CA1 /* Release */,
			);
			defaultConfigurationIsVisible = 0;
			defaultConfigurationName = Release;
		};
		7FD1599B2B82C6FB00347CA1 /* Build configuration list for PBXNativeTarget "Swift-1UIComponents" */ = {
			isa = XCConfigurationList;
			buildConfigurations = (
				7FD1599C2B82C6FB00347CA1 /* Debug */,
				7FD1599D2B82C6FB00347CA1 /* Release */,
			);
			defaultConfigurationIsVisible = 0;
			defaultConfigurationName = Release;
		};
/* End XCConfigurationList section */
	};
	rootObject = 7FD1597F2B82C6FA00347CA1 /* Project object */;
}
