// !$*UTF8*$!
{
	archiveVersion = 1;
	classes = {
	};
	objectVersion = 56;
	objects = {

/* Begin PBXBuildFile section */
		7F8CD24A2B82D4310045D49D /* CoordinatorProtocol.swift in Sources */ = {isa = PBXBuildFile; fileRef = 7F8CD2492B82D4310045D49D /* CoordinatorProtocol.swift */; };
		7F8CD24C2B82D43D0045D49D /* InitCoordinator.swift in Sources */ = {isa = PBXBuildFile; fileRef = 7F8CD24B2B82D43D0045D49D /* InitCoordinator.swift */; };
		7FD1598B2B82C6FA00347CA1 /* AppDelegate.swift in Sources */ = {isa = PBXBuildFile; fileRef = 7FD1598A2B82C6FA00347CA1 /* AppDelegate.swift */; };
		7FD1598D2B82C6FA00347CA1 /* SceneDelegate.swift in Sources */ = {isa = PBXBuildFile; fileRef = 7FD1598C2B82C6FA00347CA1 /* SceneDelegate.swift */; };
		7FD159942B82C6FB00347CA1 /* Assets.xcassets in Resources */ = {isa = PBXBuildFile; fileRef = 7FD159932B82C6FB00347CA1 /* Assets.xcassets */; };
		7FD159972B82C6FB00347CA1 /* LaunchScreen.storyboard in Resources */ = {isa = PBXBuildFile; fileRef = 7FD159952B82C6FB00347CA1 /* LaunchScreen.storyboard */; };
		7FE018752B82D7FE008FC45A /* Injection.swift in Sources */ = {isa = PBXBuildFile; fileRef = 7FE018742B82D7FE008FC45A /* Injection.swift */; };
		7FE018772B82D813008FC45A /* MainControllerProvider.swift in Sources */ = {isa = PBXBuildFile; fileRef = 7FE018762B82D813008FC45A /* MainControllerProvider.swift */; };
		7FE018792B82D832008FC45A /* MainModule.swift in Sources */ = {isa = PBXBuildFile; fileRef = 7FE018782B82D832008FC45A /* MainModule.swift */; };
		7FE0187D2B82D895008FC45A /* NotificationCenterWrapper.swift in Sources */ = {isa = PBXBuildFile; fileRef = 7FE0187C2B82D895008FC45A /* NotificationCenterWrapper.swift */; };
		7FE0187F2B82D8A4008FC45A /* NotificationCenterWrapperImpl.swift in Sources */ = {isa = PBXBuildFile; fileRef = 7FE0187E2B82D8A4008FC45A /* NotificationCenterWrapperImpl.swift */; };
		7FE018852B82D966008FC45A /* HomeViewController.swift in Sources */ = {isa = PBXBuildFile; fileRef = 7FE018842B82D966008FC45A /* HomeViewController.swift */; };
		7FE018872B82D997008FC45A /* HomeViewModel.swift in Sources */ = {isa = PBXBuildFile; fileRef = 7FE018862B82D997008FC45A /* HomeViewModel.swift */; };
		7FE0188A2B833978008FC45A /* BaseViewController.swift in Sources */ = {isa = PBXBuildFile; fileRef = 7FE018892B833978008FC45A /* BaseViewController.swift */; };
		7FE0188C2B833A7F008FC45A /* BaseViewModel.swift in Sources */ = {isa = PBXBuildFile; fileRef = 7FE0188B2B833A7F008FC45A /* BaseViewModel.swift */; };
		7FE0188E2B833B41008FC45A /* Coordinator.swift in Sources */ = {isa = PBXBuildFile; fileRef = 7FE0188D2B833B41008FC45A /* Coordinator.swift */; };
		7FE018912B8344DC008FC45A /* HomeModule.swift in Sources */ = {isa = PBXBuildFile; fileRef = 7FE018902B8344DC008FC45A /* HomeModule.swift */; };
		7FE018942B834586008FC45A /* HomeCoordinator.swift in Sources */ = {isa = PBXBuildFile; fileRef = 7FE018932B834586008FC45A /* HomeCoordinator.swift */; };
		C9A6081960357A8A8D89C1D4 /* Pods_Swift_1UIComponents.framework in Frameworks */ = {isa = PBXBuildFile; fileRef = 048B14AA6B518D70C4CE3C27 /* Pods_Swift_1UIComponents.framework */; };
/* End PBXBuildFile section */

/* Begin PBXFileReference section */
		048B14AA6B518D70C4CE3C27 /* Pods_Swift_1UIComponents.framework */ = {isa = PBXFileReference; explicitFileType = wrapper.framework; includeInIndex = 0; path = Pods_Swift_1UIComponents.framework; sourceTree = BUILT_PRODUCTS_DIR; };
		7F8CD2492B82D4310045D49D /* CoordinatorProtocol.swift */ = {isa = PBXFileReference; lastKnownFileType = sourcecode.swift; path = CoordinatorProtocol.swift; sourceTree = "<group>"; };
		7F8CD24B2B82D43D0045D49D /* InitCoordinator.swift */ = {isa = PBXFileReference; lastKnownFileType = sourcecode.swift; path = InitCoordinator.swift; sourceTree = "<group>"; };
		7FD159872B82C6FA00347CA1 /* Swift-1UIComponents.app */ = {isa = PBXFileReference; explicitFileType = wrapper.application; includeInIndex = 0; path = "Swift-1UIComponents.app"; sourceTree = BUILT_PRODUCTS_DIR; };
		7FD1598A2B82C6FA00347CA1 /* AppDelegate.swift */ = {isa = PBXFileReference; lastKnownFileType = sourcecode.swift; path = AppDelegate.swift; sourceTree = "<group>"; };
		7FD1598C2B82C6FA00347CA1 /* SceneDelegate.swift */ = {isa = PBXFileReference; lastKnownFileType = sourcecode.swift; path = SceneDelegate.swift; sourceTree = "<group>"; };
		7FD159932B82C6FB00347CA1 /* Assets.xcassets */ = {isa = PBXFileReference; lastKnownFileType = folder.assetcatalog; path = Assets.xcassets; sourceTree = "<group>"; };
		7FD159962B82C6FB00347CA1 /* Base */ = {isa = PBXFileReference; lastKnownFileType = file.storyboard; name = Base; path = Base.lproj/LaunchScreen.storyboard; sourceTree = "<group>"; };
		7FD159982B82C6FB00347CA1 /* Info.plist */ = {isa = PBXFileReference; lastKnownFileType = text.plist.xml; path = Info.plist; sourceTree = "<group>"; };
		7FE018742B82D7FE008FC45A /* Injection.swift */ = {isa = PBXFileReference; lastKnownFileType = sourcecode.swift; path = Injection.swift; sourceTree = "<group>"; };
		7FE018762B82D813008FC45A /* MainControllerProvider.swift */ = {isa = PBXFileReference; lastKnownFileType = sourcecode.swift; path = MainControllerProvider.swift; sourceTree = "<group>"; };
		7FE018782B82D832008FC45A /* MainModule.swift */ = {isa = PBXFileReference; lastKnownFileType = sourcecode.swift; path = MainModule.swift; sourceTree = "<group>"; };
		7FE0187C2B82D895008FC45A /* NotificationCenterWrapper.swift */ = {isa = PBXFileReference; lastKnownFileType = sourcecode.swift; path = NotificationCenterWrapper.swift; sourceTree = "<group>"; };
		7FE0187E2B82D8A4008FC45A /* NotificationCenterWrapperImpl.swift */ = {isa = PBXFileReference; lastKnownFileType = sourcecode.swift; path = NotificationCenterWrapperImpl.swift; sourceTree = "<group>"; };
		7FE018842B82D966008FC45A /* HomeViewController.swift */ = {isa = PBXFileReference; lastKnownFileType = sourcecode.swift; path = HomeViewController.swift; sourceTree = "<group>"; };
		7FE018862B82D997008FC45A /* HomeViewModel.swift */ = {isa = PBXFileReference; lastKnownFileType = sourcecode.swift; path = HomeViewModel.swift; sourceTree = "<group>"; };
		7FE018892B833978008FC45A /* BaseViewController.swift */ = {isa = PBXFileReference; lastKnownFileType = sourcecode.swift; path = BaseViewController.swift; sourceTree = "<group>"; };
		7FE0188B2B833A7F008FC45A /* BaseViewModel.swift */ = {isa = PBXFileReference; lastKnownFileType = sourcecode.swift; path = BaseViewModel.swift; sourceTree = "<group>"; };
		7FE0188D2B833B41008FC45A /* Coordinator.swift */ = {isa = PBXFileReference; lastKnownFileType = sourcecode.swift; path = Coordinator.swift; sourceTree = "<group>"; };
		7FE018902B8344DC008FC45A /* HomeModule.swift */ = {isa = PBXFileReference; lastKnownFileType = sourcecode.swift; path = HomeModule.swift; sourceTree = "<group>"; };
		7FE018932B834586008FC45A /* HomeCoordinator.swift */ = {isa = PBXFileReference; lastKnownFileType = sourcecode.swift; path = HomeCoordinator.swift; sourceTree = "<group>"; };
		B71F65727C2F1CC595823B19 /* Pods-Swift-1UIComponents.debug.xcconfig */ = {isa = PBXFileReference; includeInIndex = 1; lastKnownFileType = text.xcconfig; name = "Pods-Swift-1UIComponents.debug.xcconfig"; path = "Target Support Files/Pods-Swift-1UIComponents/Pods-Swift-1UIComponents.debug.xcconfig"; sourceTree = "<group>"; };
		BE4E9807FFED8A6466F9A306 /* Pods-Swift-1UIComponents.release.xcconfig */ = {isa = PBXFileReference; includeInIndex = 1; lastKnownFileType = text.xcconfig; name = "Pods-Swift-1UIComponents.release.xcconfig"; path = "Target Support Files/Pods-Swift-1UIComponents/Pods-Swift-1UIComponents.release.xcconfig"; sourceTree = "<group>"; };
/* End PBXFileReference section */

/* Begin PBXFrameworksBuildPhase section */
		7FD159842B82C6FA00347CA1 /* Frameworks */ = {
			isa = PBXFrameworksBuildPhase;
			buildActionMask = 2147483647;
			files = (
				C9A6081960357A8A8D89C1D4 /* Pods_Swift_1UIComponents.framework in Frameworks */,
			);
			runOnlyForDeploymentPostprocessing = 0;
		};
/* End PBXFrameworksBuildPhase section */

/* Begin PBXGroup section */
		248E83AE589D97B8BA469070 /* Frameworks */ = {
			isa = PBXGroup;
			children = (
				048B14AA6B518D70C4CE3C27 /* Pods_Swift_1UIComponents.framework */,
			);
			name = Frameworks;
			sourceTree = "<group>";
		};
		666FC1A9A6F559D8FF3A3FB0 /* Pods */ = {
			isa = PBXGroup;
			children = (
				B71F65727C2F1CC595823B19 /* Pods-Swift-1UIComponents.debug.xcconfig */,
				BE4E9807FFED8A6466F9A306 /* Pods-Swift-1UIComponents.release.xcconfig */,
			);
			path = Pods;
			sourceTree = "<group>";
		};
		7F8CD2472B82D3BB0045D49D /* AppLife */ = {
			isa = PBXGroup;
			children = (
				7FD1598A2B82C6FA00347CA1 /* AppDelegate.swift */,
				7FD1598C2B82C6FA00347CA1 /* SceneDelegate.swift */,
			);
			path = AppLife;
			sourceTree = "<group>";
		};
		7FD1597E2B82C6FA00347CA1 = {
			isa = PBXGroup;
			children = (
				7FD159892B82C6FA00347CA1 /* Swift-1UIComponents */,
				7FD159882B82C6FA00347CA1 /* Products */,
				666FC1A9A6F559D8FF3A3FB0 /* Pods */,
				248E83AE589D97B8BA469070 /* Frameworks */,
			);
			sourceTree = "<group>";
		};
		7FD159882B82C6FA00347CA1 /* Products */ = {
			isa = PBXGroup;
			children = (
				7FD159872B82C6FA00347CA1 /* Swift-1UIComponents.app */,
			);
			name = Products;
			sourceTree = "<group>";
		};
		7FD159892B82C6FA00347CA1 /* Swift-1UIComponents */ = {
			isa = PBXGroup;
			children = (
				7F8CD2472B82D3BB0045D49D /* AppLife */,
				7FE018982B8353ED008FC45A /* Resources */,
				7FE018712B82D7E1008FC45A /* AppModules */,
				7FD159982B82C6FB00347CA1 /* Info.plist */,
			);
			path = "Swift-1UIComponents";
			sourceTree = "<group>";
		};
		7FE018712B82D7E1008FC45A /* AppModules */ = {
			isa = PBXGroup;
			children = (
				7FE018722B82D7EA008FC45A /* Core */,
				7FE018802B82D8BA008FC45A /* Home */,
			);
			path = AppModules;
			sourceTree = "<group>";
		};
		7FE018722B82D7EA008FC45A /* Core */ = {
			isa = PBXGroup;
			children = (
				7FE018732B82D7F1008FC45A /* DI */,
				7FE0187A2B82D883008FC45A /* Data */,
				7FE018882B8338CE008FC45A /* Presentation */,
			);
			path = Core;
			sourceTree = "<group>";
		};
		7FE018732B82D7F1008FC45A /* DI */ = {
			isa = PBXGroup;
			children = (
				7FE018742B82D7FE008FC45A /* Injection.swift */,
				7FE018762B82D813008FC45A /* MainControllerProvider.swift */,
				7FE018782B82D832008FC45A /* MainModule.swift */,
			);
			path = DI;
			sourceTree = "<group>";
		};
		7FE0187A2B82D883008FC45A /* Data */ = {
			isa = PBXGroup;
			children = (
				7FE0187B2B82D88C008FC45A /* NotificationCenterWrapper */,
			);
			path = Data;
			sourceTree = "<group>";
		};
		7FE0187B2B82D88C008FC45A /* NotificationCenterWrapper */ = {
			isa = PBXGroup;
			children = (
				7FE0187C2B82D895008FC45A /* NotificationCenterWrapper.swift */,
				7FE0187E2B82D8A4008FC45A /* NotificationCenterWrapperImpl.swift */,
			);
			path = NotificationCenterWrapper;
			sourceTree = "<group>";
		};
		7FE018802B82D8BA008FC45A /* Home */ = {
			isa = PBXGroup;
			children = (
				7FE0188F2B8344D3008FC45A /* DI */,
				7FE018812B82D8C4008FC45A /* Presentation */,
			);
			path = Home;
			sourceTree = "<group>";
		};
		7FE018812B82D8C4008FC45A /* Presentation */ = {
			isa = PBXGroup;
			children = (
				7FE018922B83457E008FC45A /* Coordinator */,
				7FE018822B82D8CD008FC45A /* View */,
				7FE018832B82D8D2008FC45A /* ViewModel */,
			);
			path = Presentation;
			sourceTree = "<group>";
		};
		7FE018822B82D8CD008FC45A /* View */ = {
			isa = PBXGroup;
			children = (
				7FE018842B82D966008FC45A /* HomeViewController.swift */,
			);
			path = View;
			sourceTree = "<group>";
		};
		7FE018832B82D8D2008FC45A /* ViewModel */ = {
			isa = PBXGroup;
			children = (
				7FE018862B82D997008FC45A /* HomeViewModel.swift */,
			);
			path = ViewModel;
			sourceTree = "<group>";
		};
		7FE018882B8338CE008FC45A /* Presentation */ = {
			isa = PBXGroup;
			children = (
				7FE018992B835405008FC45A /* Launch */,
				7FE018952B8353BD008FC45A /* Coordinator */,
				7FE018962B8353CF008FC45A /* Base */,
			);
			path = Presentation;
			sourceTree = "<group>";
		};
		7FE0188F2B8344D3008FC45A /* DI */ = {
			isa = PBXGroup;
			children = (
				7FE018902B8344DC008FC45A /* HomeModule.swift */,
			);
			path = DI;
			sourceTree = "<group>";
		};
		7FE018922B83457E008FC45A /* Coordinator */ = {
			isa = PBXGroup;
			children = (
				7FE018932B834586008FC45A /* HomeCoordinator.swift */,
			);
			path = Coordinator;
			sourceTree = "<group>";
		};
		7FE018952B8353BD008FC45A /* Coordinator */ = {
			isa = PBXGroup;
			children = (
				7F8CD2492B82D4310045D49D /* CoordinatorProtocol.swift */,
				7F8CD24B2B82D43D0045D49D /* InitCoordinator.swift */,
			);
			path = Coordinator;
			sourceTree = "<group>";
		};
		7FE018962B8353CF008FC45A /* Base */ = {
			isa = PBXGroup;
			children = (
				7FE018892B833978008FC45A /* BaseViewController.swift */,
				7FE0188B2B833A7F008FC45A /* BaseViewModel.swift */,
				7FE0188D2B833B41008FC45A /* Coordinator.swift */,
			);
			path = Base;
			sourceTree = "<group>";
		};
		7FE018982B8353ED008FC45A /* Resources */ = {
			isa = PBXGroup;
			children = (
				7FD159932B82C6FB00347CA1 /* Assets.xcassets */,
			);
			path = Resources;
			sourceTree = "<group>";
		};
		7FE018992B835405008FC45A /* Launch */ = {
			isa = PBXGroup;
			children = (
				7FD159952B82C6FB00347CA1 /* LaunchScreen.storyboard */,
			);
			path = Launch;
			sourceTree = "<group>";
		};
/* End PBXGroup section */

/* Begin PBXNativeTarget section */
		7FD159862B82C6FA00347CA1 /* Swift-1UIComponents */ = {
			isa = PBXNativeTarget;
			buildConfigurationList = 7FD1599B2B82C6FB00347CA1 /* Build configuration list for PBXNativeTarget "Swift-1UIComponents" */;
			buildPhases = (
				80ACEAD8AF83B31FE9584D9A /* [CP] Check Pods Manifest.lock */,
				7FD159832B82C6FA00347CA1 /* Sources */,
				7FD159842B82C6FA00347CA1 /* Frameworks */,
				7FD159852B82C6FA00347CA1 /* Resources */,
				C16D4F629E2332510B570984 /* [CP] Embed Pods Frameworks */,
			);
			buildRules = (
			);
			dependencies = (
			);
			name = "Swift-1UIComponents";
			productName = "Swift-1UIComponents";
			productReference = 7FD159872B82C6FA00347CA1 /* Swift-1UIComponents.app */;
			productType = "com.apple.product-type.application";
		};
/* End PBXNativeTarget section */

/* Begin PBXProject section */
		7FD1597F2B82C6FA00347CA1 /* Project object */ = {
			isa = PBXProject;
			attributes = {
				BuildIndependentTargetsInParallel = 1;
				LastSwiftUpdateCheck = 1520;
				LastUpgradeCheck = 1520;
				TargetAttributes = {
					7FD159862B82C6FA00347CA1 = {
						CreatedOnToolsVersion = 15.2;
					};
				};
			};
			buildConfigurationList = 7FD159822B82C6FA00347CA1 /* Build configuration list for PBXProject "Swift-1UIComponents" */;
			compatibilityVersion = "Xcode 14.0";
			developmentRegion = en;
			hasScannedForEncodings = 0;
			knownRegions = (
				en,
				Base,
			);
			mainGroup = 7FD1597E2B82C6FA00347CA1;
			productRefGroup = 7FD159882B82C6FA00347CA1 /* Products */;
			projectDirPath = "";
			projectRoot = "";
			targets = (
				7FD159862B82C6FA00347CA1 /* Swift-1UIComponents */,
			);
		};
/* End PBXProject section */

/* Begin PBXResourcesBuildPhase section */
		7FD159852B82C6FA00347CA1 /* Resources */ = {
			isa = PBXResourcesBuildPhase;
			buildActionMask = 2147483647;
			files = (
				7FD159972B82C6FB00347CA1 /* LaunchScreen.storyboard in Resources */,
				7FD159942B82C6FB00347CA1 /* Assets.xcassets in Resources */,
			);
			runOnlyForDeploymentPostprocessing = 0;
		};
/* End PBXResourcesBuildPhase section */

/* Begin PBXShellScriptBuildPhase section */
		80ACEAD8AF83B31FE9584D9A /* [CP] Check Pods Manifest.lock */ = {
			isa = PBXShellScriptBuildPhase;
			buildActionMask = 2147483647;
			files = (
			);
			inputFileListPaths = (
			);
			inputPaths = (
				"${PODS_PODFILE_DIR_PATH}/Podfile.lock",
				"${PODS_ROOT}/Manifest.lock",
			);
			name = "[CP] Check Pods Manifest.lock";
			outputFileListPaths = (
			);
			outputPaths = (
				"$(DERIVED_FILE_DIR)/Pods-Swift-1UIComponents-checkManifestLockResult.txt",
			);
			runOnlyForDeploymentPostprocessing = 0;
			shellPath = /bin/sh;
			shellScript = "diff \"${PODS_PODFILE_DIR_PATH}/Podfile.lock\" \"${PODS_ROOT}/Manifest.lock\" > /dev/null\nif [ $? != 0 ] ; then\n    # print error to STDERR\n    echo \"error: The sandbox is not in sync with the Podfile.lock. Run 'pod install' or update your CocoaPods installation.\" >&2\n    exit 1\nfi\n# This output is used by Xcode 'outputs' to avoid re-running this script phase.\necho \"SUCCESS\" > \"${SCRIPT_OUTPUT_FILE_0}\"\n";
			showEnvVarsInLog = 0;
		};
		C16D4F629E2332510B570984 /* [CP] Embed Pods Frameworks */ = {
			isa = PBXShellScriptBuildPhase;
			buildActionMask = 2147483647;
			files = (
			);
			inputFileListPaths = (
				"${PODS_ROOT}/Target Support Files/Pods-Swift-1UIComponents/Pods-Swift-1UIComponents-frameworks-${CONFIGURATION}-input-files.xcfilelist",
			);
			name = "[CP] Embed Pods Frameworks";
			outputFileListPaths = (
				"${PODS_ROOT}/Target Support Files/Pods-Swift-1UIComponents/Pods-Swift-1UIComponents-frameworks-${CONFIGURATION}-output-files.xcfilelist",
			);
			runOnlyForDeploymentPostprocessing = 0;
			shellPath = /bin/sh;
			shellScript = "\"${PODS_ROOT}/Target Support Files/Pods-Swift-1UIComponents/Pods-Swift-1UIComponents-frameworks.sh\"\n";
			showEnvVarsInLog = 0;
		};
/* End PBXShellScriptBuildPhase section */

/* Begin PBXSourcesBuildPhase section */
		7FD159832B82C6FA00347CA1 /* Sources */ = {
			isa = PBXSourcesBuildPhase;
			buildActionMask = 2147483647;
			files = (
				7FE0188A2B833978008FC45A /* BaseViewController.swift in Sources */,
				7FE0188E2B833B41008FC45A /* Coordinator.swift in Sources */,
				7FE018942B834586008FC45A /* HomeCoordinator.swift in Sources */,
				7FD1598B2B82C6FA00347CA1 /* AppDelegate.swift in Sources */,
				7FE0188C2B833A7F008FC45A /* BaseViewModel.swift in Sources */,
				7FE0187D2B82D895008FC45A /* NotificationCenterWrapper.swift in Sources */,
				7F8CD24C2B82D43D0045D49D /* InitCoordinator.swift in Sources */,
				7FE018772B82D813008FC45A /* MainControllerProvider.swift in Sources */,
				7FE018752B82D7FE008FC45A /* Injection.swift in Sources */,
				7F8CD24A2B82D4310045D49D /* CoordinatorProtocol.swift in Sources */,
				7FE018912B8344DC008FC45A /* HomeModule.swift in Sources */,
				7FE018872B82D997008FC45A /* HomeViewModel.swift in Sources */,
				7FE018852B82D966008FC45A /* HomeViewController.swift in Sources */,
				7FE0187F2B82D8A4008FC45A /* NotificationCenterWrapperImpl.swift in Sources */,
				7FE018792B82D832008FC45A /* MainModule.swift in Sources */,
				7FD1598D2B82C6FA00347CA1 /* SceneDelegate.swift in Sources */,
			);
			runOnlyForDeploymentPostprocessing = 0;
		};
/* End PBXSourcesBuildPhase section */

/* Begin PBXVariantGroup section */
		7FD159952B82C6FB00347CA1 /* LaunchScreen.storyboard */ = {
			isa = PBXVariantGroup;
			children = (
				7FD159962B82C6FB00347CA1 /* Base */,
			);
			name = LaunchScreen.storyboard;
			sourceTree = "<group>";
		};
/* End PBXVariantGroup section */

/* Begin XCBuildConfiguration section */
		7FD159992B82C6FB00347CA1 /* Debug */ = {
			isa = XCBuildConfiguration;
			buildSettings = {
				ALWAYS_SEARCH_USER_PATHS = NO;
				ASSETCATALOG_COMPILER_GENERATE_SWIFT_ASSET_SYMBOL_EXTENSIONS = YES;
				CLANG_ANALYZER_NONNULL = YES;
				CLANG_ANALYZER_NUMBER_OBJECT_CONVERSION = YES_AGGRESSIVE;
				CLANG_CXX_LANGUAGE_STANDARD = "gnu++20";
				CLANG_ENABLE_MODULES = YES;
				CLANG_ENABLE_OBJC_ARC = YES;
				CLANG_ENABLE_OBJC_WEAK = YES;
				CLANG_WARN_BLOCK_CAPTURE_AUTORELEASING = YES;
				CLANG_WARN_BOOL_CONVERSION = YES;
				CLANG_WARN_COMMA = YES;
				CLANG_WARN_CONSTANT_CONVERSION = YES;
				CLANG_WARN_DEPRECATED_OBJC_IMPLEMENTATIONS = YES;
				CLANG_WARN_DIRECT_OBJC_ISA_USAGE = YES_ERROR;
				CLANG_WARN_DOCUMENTATION_COMMENTS = YES;
				CLANG_WARN_EMPTY_BODY = YES;
				CLANG_WARN_ENUM_CONVERSION = YES;
				CLANG_WARN_INFINITE_RECURSION = YES;
				CLANG_WARN_INT_CONVERSION = YES;
				CLANG_WARN_NON_LITERAL_NULL_CONVERSION = YES;
				CLANG_WARN_OBJC_IMPLICIT_RETAIN_SELF = YES;
				CLANG_WARN_OBJC_LITERAL_CONVERSION = YES;
				CLANG_WARN_OBJC_ROOT_CLASS = YES_ERROR;
				CLANG_WARN_QUOTED_INCLUDE_IN_FRAMEWORK_HEADER = YES;
				CLANG_WARN_RANGE_LOOP_ANALYSIS = YES;
				CLANG_WARN_STRICT_PROTOTYPES = YES;
				CLANG_WARN_SUSPICIOUS_MOVE = YES;
				CLANG_WARN_UNGUARDED_AVAILABILITY = YES_AGGRESSIVE;
				CLANG_WARN_UNREACHABLE_CODE = YES;
				CLANG_WARN__DUPLICATE_METHOD_MATCH = YES;
				COPY_PHASE_STRIP = NO;
				DEBUG_INFORMATION_FORMAT = dwarf;
				ENABLE_STRICT_OBJC_MSGSEND = YES;
				ENABLE_TESTABILITY = YES;
				ENABLE_USER_SCRIPT_SANDBOXING = NO;
				GCC_C_LANGUAGE_STANDARD = gnu17;
				GCC_DYNAMIC_NO_PIC = NO;
				GCC_NO_COMMON_BLOCKS = YES;
				GCC_OPTIMIZATION_LEVEL = 0;
				GCC_PREPROCESSOR_DEFINITIONS = (
					"DEBUG=1",
					"$(inherited)",
				);
				GCC_WARN_64_TO_32_BIT_CONVERSION = YES;
				GCC_WARN_ABOUT_RETURN_TYPE = YES_ERROR;
				GCC_WARN_UNDECLARED_SELECTOR = YES;
				GCC_WARN_UNINITIALIZED_AUTOS = YES_AGGRESSIVE;
				GCC_WARN_UNUSED_FUNCTION = YES;
				GCC_WARN_UNUSED_VARIABLE = YES;
				IPHONEOS_DEPLOYMENT_TARGET = 17.2;
				LOCALIZATION_PREFERS_STRING_CATALOGS = YES;
				MTL_ENABLE_DEBUG_INFO = INCLUDE_SOURCE;
				MTL_FAST_MATH = YES;
				ONLY_ACTIVE_ARCH = YES;
				SDKROOT = iphoneos;
				SWIFT_ACTIVE_COMPILATION_CONDITIONS = "DEBUG $(inherited)";
				SWIFT_OPTIMIZATION_LEVEL = "-Onone";
			};
			name = Debug;
		};
		7FD1599A2B82C6FB00347CA1 /* Release */ = {
			isa = XCBuildConfiguration;
			buildSettings = {
				ALWAYS_SEARCH_USER_PATHS = NO;
				ASSETCATALOG_COMPILER_GENERATE_SWIFT_ASSET_SYMBOL_EXTENSIONS = YES;
				CLANG_ANALYZER_NONNULL = YES;
				CLANG_ANALYZER_NUMBER_OBJECT_CONVERSION = YES_AGGRESSIVE;
				CLANG_CXX_LANGUAGE_STANDARD = "gnu++20";
				CLANG_ENABLE_MODULES = YES;
				CLANG_ENABLE_OBJC_ARC = YES;
				CLANG_ENABLE_OBJC_WEAK = YES;
				CLANG_WARN_BLOCK_CAPTURE_AUTORELEASING = YES;
				CLANG_WARN_BOOL_CONVERSION = YES;
				CLANG_WARN_COMMA = YES;
				CLANG_WARN_CONSTANT_CONVERSION = YES;
				CLANG_WARN_DEPRECATED_OBJC_IMPLEMENTATIONS = YES;
				CLANG_WARN_DIRECT_OBJC_ISA_USAGE = YES_ERROR;
				CLANG_WARN_DOCUMENTATION_COMMENTS = YES;
				CLANG_WARN_EMPTY_BODY = YES;
				CLANG_WARN_ENUM_CONVERSION = YES;
				CLANG_WARN_INFINITE_RECURSION = YES;
				CLANG_WARN_INT_CONVERSION = YES;
				CLANG_WARN_NON_LITERAL_NULL_CONVERSION = YES;
				CLANG_WARN_OBJC_IMPLICIT_RETAIN_SELF = YES;
				CLANG_WARN_OBJC_LITERAL_CONVERSION = YES;
				CLANG_WARN_OBJC_ROOT_CLASS = YES_ERROR;
				CLANG_WARN_QUOTED_INCLUDE_IN_FRAMEWORK_HEADER = YES;
				CLANG_WARN_RANGE_LOOP_ANALYSIS = YES;
				CLANG_WARN_STRICT_PROTOTYPES = YES;
				CLANG_WARN_SUSPICIOUS_MOVE = YES;
				CLANG_WARN_UNGUARDED_AVAILABILITY = YES_AGGRESSIVE;
				CLANG_WARN_UNREACHABLE_CODE = YES;
				CLANG_WARN__DUPLICATE_METHOD_MATCH = YES;
				COPY_PHASE_STRIP = NO;
				DEBUG_INFORMATION_FORMAT = "dwarf-with-dsym";
				ENABLE_NS_ASSERTIONS = NO;
				ENABLE_STRICT_OBJC_MSGSEND = YES;
				ENABLE_USER_SCRIPT_SANDBOXING = NO;
				GCC_C_LANGUAGE_STANDARD = gnu17;
				GCC_NO_COMMON_BLOCKS = YES;
				GCC_WARN_64_TO_32_BIT_CONVERSION = YES;
				GCC_WARN_ABOUT_RETURN_TYPE = YES_ERROR;
				GCC_WARN_UNDECLARED_SELECTOR = YES;
				GCC_WARN_UNINITIALIZED_AUTOS = YES_AGGRESSIVE;
				GCC_WARN_UNUSED_FUNCTION = YES;
				GCC_WARN_UNUSED_VARIABLE = YES;
				IPHONEOS_DEPLOYMENT_TARGET = 17.2;
				LOCALIZATION_PREFERS_STRING_CATALOGS = YES;
				MTL_ENABLE_DEBUG_INFO = NO;
				MTL_FAST_MATH = YES;
				SDKROOT = iphoneos;
				SWIFT_COMPILATION_MODE = wholemodule;
				VALIDATE_PRODUCT = YES;
			};
			name = Release;
		};
		7FD1599C2B82C6FB00347CA1 /* Debug */ = {
			isa = XCBuildConfiguration;
			baseConfigurationReference = B71F65727C2F1CC595823B19 /* Pods-Swift-1UIComponents.debug.xcconfig */;
			buildSettings = {
				ASSETCATALOG_COMPILER_APPICON_NAME = AppIcon;
				ASSETCATALOG_COMPILER_GLOBAL_ACCENT_COLOR_NAME = AccentColor;
				CODE_SIGN_STYLE = Automatic;
				CURRENT_PROJECT_VERSION = 1;
				DEVELOPMENT_TEAM = ML7FBVGX3D;
				GENERATE_INFOPLIST_FILE = YES;
				INFOPLIST_FILE = "Swift-1UIComponents/Info.plist";
				INFOPLIST_KEY_UIApplicationSupportsIndirectInputEvents = YES;
				INFOPLIST_KEY_UILaunchStoryboardName = LaunchScreen;
				INFOPLIST_KEY_UISupportedInterfaceOrientations_iPad = "UIInterfaceOrientationPortrait UIInterfaceOrientationPortraitUpsideDown UIInterfaceOrientationLandscapeLeft UIInterfaceOrientationLandscapeRight";
				INFOPLIST_KEY_UISupportedInterfaceOrientations_iPhone = "UIInterfaceOrientationPortrait UIInterfaceOrientationLandscapeLeft UIInterfaceOrientationLandscapeRight";
				LD_RUNPATH_SEARCH_PATHS = (
					"$(inherited)",
					"@executable_path/Frameworks",
				);
				MARKETING_VERSION = 1.0;
				PRODUCT_BUNDLE_IDENTIFIER = "gtorostudy.Swift-1UIComponents";
				PRODUCT_NAME = "$(TARGET_NAME)";
				SWIFT_EMIT_LOC_STRINGS = YES;
				SWIFT_VERSION = 5.0;
				TARGETED_DEVICE_FAMILY = "1,2";
			};
			name = Debug;
		};
		7FD1599D2B82C6FB00347CA1 /* Release */ = {
			isa = XCBuildConfiguration;
			baseConfigurationReference = BE4E9807FFED8A6466F9A306 /* Pods-Swift-1UIComponents.release.xcconfig */;
			buildSettings = {
				ASSETCATALOG_COMPILER_APPICON_NAME = AppIcon;
				ASSETCATALOG_COMPILER_GLOBAL_ACCENT_COLOR_NAME = AccentColor;
				CODE_SIGN_STYLE = Automatic;
				CURRENT_PROJECT_VERSION = 1;
				DEVELOPMENT_TEAM = ML7FBVGX3D;
				GENERATE_INFOPLIST_FILE = YES;
				INFOPLIST_FILE = "Swift-1UIComponents/Info.plist";
				INFOPLIST_KEY_UIApplicationSupportsIndirectInputEvents = YES;
				INFOPLIST_KEY_UILaunchStoryboardName = LaunchScreen;
				INFOPLIST_KEY_UISupportedInterfaceOrientations_iPad = "UIInterfaceOrientationPortrait UIInterfaceOrientationPortraitUpsideDown UIInterfaceOrientationLandscapeLeft UIInterfaceOrientationLandscapeRight";
				INFOPLIST_KEY_UISupportedInterfaceOrientations_iPhone = "UIInterfaceOrientationPortrait UIInterfaceOrientationLandscapeLeft UIInterfaceOrientationLandscapeRight";
				LD_RUNPATH_SEARCH_PATHS = (
					"$(inherited)",
					"@executable_path/Frameworks",
				);
				MARKETING_VERSION = 1.0;
				PRODUCT_BUNDLE_IDENTIFIER = "gtorostudy.Swift-1UIComponents";
				PRODUCT_NAME = "$(TARGET_NAME)";
				SWIFT_EMIT_LOC_STRINGS = YES;
				SWIFT_VERSION = 5.0;
				TARGETED_DEVICE_FAMILY = "1,2";
			};
			name = Release;
		};
/* End XCBuildConfiguration section */

/* Begin XCConfigurationList section */
		7FD159822B82C6FA00347CA1 /* Build configuration list for PBXProject "Swift-1UIComponents" */ = {
			isa = XCConfigurationList;
			buildConfigurations = (
				7FD159992B82C6FB00347CA1 /* Debug */,
				7FD1599A2B82C6FB00347CA1 /* Release */,
			);
			defaultConfigurationIsVisible = 0;
			defaultConfigurationName = Release;
		};
		7FD1599B2B82C6FB00347CA1 /* Build configuration list for PBXNativeTarget "Swift-1UIComponents" */ = {
			isa = XCConfigurationList;
			buildConfigurations = (
				7FD1599C2B82C6FB00347CA1 /* Debug */,
				7FD1599D2B82C6FB00347CA1 /* Release */,
			);
			defaultConfigurationIsVisible = 0;
			defaultConfigurationName = Release;
		};
/* End XCConfigurationList section */
	};
	rootObject = 7FD1597F2B82C6FA00347CA1 /* Project object */;
}
