// !$*UTF8*$!
{
	archiveVersion = 1;
	classes = {
	};
	objectVersion = 56;
	objects = {

/* Begin PBXBuildFile section */
		38F1B30341A7483BE4244B30 /* Pods_Swift_1UIComponents.framework in Frameworks */ = {isa = PBXBuildFile; fileRef = A4B4FB16FC67B82D54E4C1D9 /* Pods_Swift_1UIComponents.framework */; };
		7F0E38522A00C5EE00F24809 /* AppDelegate.swift in Sources */ = {isa = PBXBuildFile; fileRef = 7F0E38512A00C5EE00F24809 /* AppDelegate.swift */; };
		7F0E38542A00C5EE00F24809 /* SceneDelegate.swift in Sources */ = {isa = PBXBuildFile; fileRef = 7F0E38532A00C5EE00F24809 /* SceneDelegate.swift */; };
		7F0E38562A00C5EE00F24809 /* ViewController.swift in Sources */ = {isa = PBXBuildFile; fileRef = 7F0E38552A00C5EE00F24809 /* ViewController.swift */; };
		7F0E385B2A00C5F100F24809 /* Assets.xcassets in Resources */ = {isa = PBXBuildFile; fileRef = 7F0E385A2A00C5F100F24809 /* Assets.xcassets */; };
		7F0E385E2A00C5F100F24809 /* LaunchScreen.storyboard in Resources */ = {isa = PBXBuildFile; fileRef = 7F0E385C2A00C5F100F24809 /* LaunchScreen.storyboard */; };
		7F0E386E2A00C9E000F24809 /* Coordinator.swift in Sources */ = {isa = PBXBuildFile; fileRef = 7F0E386D2A00C9E000F24809 /* Coordinator.swift */; };
		7F0E38712A00CA2800F24809 /* CoordinatorProtocol.swift in Sources */ = {isa = PBXBuildFile; fileRef = 7F0E38702A00CA2800F24809 /* CoordinatorProtocol.swift */; };
		7F0E38732A00CA5200F24809 /* Injection.swift in Sources */ = {isa = PBXBuildFile; fileRef = 7F0E38722A00CA5200F24809 /* Injection.swift */; };
		7F0E38752A00CA7F00F24809 /* MainControllerProvider.swift in Sources */ = {isa = PBXBuildFile; fileRef = 7F0E38742A00CA7F00F24809 /* MainControllerProvider.swift */; };
		7F0E38772A00CAA900F24809 /* MainModule.swift in Sources */ = {isa = PBXBuildFile; fileRef = 7F0E38762A00CAA900F24809 /* MainModule.swift */; };
		7F0E38792A00CAC200F24809 /* NotificationCenterWrapper.swift in Sources */ = {isa = PBXBuildFile; fileRef = 7F0E38782A00CAC200F24809 /* NotificationCenterWrapper.swift */; };
		7F0E387B2A00CAD100F24809 /* NotificationCenterWrapperImpl.swift in Sources */ = {isa = PBXBuildFile; fileRef = 7F0E387A2A00CAD100F24809 /* NotificationCenterWrapperImpl.swift */; };
		7F0E38822A00CC0300F24809 /* BaseViewController.swift in Sources */ = {isa = PBXBuildFile; fileRef = 7F0E38812A00CC0300F24809 /* BaseViewController.swift */; };
		7F0E38842A00CC0D00F24809 /* BaseViewModel.swift in Sources */ = {isa = PBXBuildFile; fileRef = 7F0E38832A00CC0D00F24809 /* BaseViewModel.swift */; };
		7F0E38872A00CD1800F24809 /* LoaderView.swift in Sources */ = {isa = PBXBuildFile; fileRef = 7F0E38862A00CD1800F24809 /* LoaderView.swift */; };
		7F0E38892A00CD5200F24809 /* ProgressBarView.swift in Sources */ = {isa = PBXBuildFile; fileRef = 7F0E38882A00CD5200F24809 /* ProgressBarView.swift */; };
		7F0E388B2A00CDBD00F24809 /* HomeCoordinator.swift in Sources */ = {isa = PBXBuildFile; fileRef = 7F0E388A2A00CDBD00F24809 /* HomeCoordinator.swift */; };
		7F0E38912A00CF0600F24809 /* HomeViewController.swift in Sources */ = {isa = PBXBuildFile; fileRef = 7F0E38902A00CF0600F24809 /* HomeViewController.swift */; };
		7F0E38942A00CF7400F24809 /* HomeViewModel.swift in Sources */ = {isa = PBXBuildFile; fileRef = 7F0E38932A00CF7400F24809 /* HomeViewModel.swift */; };
		7F0E38972A00D04B00F24809 /* HomeModule.swift in Sources */ = {isa = PBXBuildFile; fileRef = 7F0E38962A00D04B00F24809 /* HomeModule.swift */; };
/* End PBXBuildFile section */

/* Begin PBXFileReference section */
		6446DDD263821AD536672EF6 /* Pods-Swift-1UIComponents.release.xcconfig */ = {isa = PBXFileReference; includeInIndex = 1; lastKnownFileType = text.xcconfig; name = "Pods-Swift-1UIComponents.release.xcconfig"; path = "Target Support Files/Pods-Swift-1UIComponents/Pods-Swift-1UIComponents.release.xcconfig"; sourceTree = "<group>"; };
		7F0E384E2A00C5EE00F24809 /* Swift-1UIComponents.app */ = {isa = PBXFileReference; explicitFileType = wrapper.application; includeInIndex = 0; path = "Swift-1UIComponents.app"; sourceTree = BUILT_PRODUCTS_DIR; };
		7F0E38512A00C5EE00F24809 /* AppDelegate.swift */ = {isa = PBXFileReference; lastKnownFileType = sourcecode.swift; path = AppDelegate.swift; sourceTree = "<group>"; };
		7F0E38532A00C5EE00F24809 /* SceneDelegate.swift */ = {isa = PBXFileReference; lastKnownFileType = sourcecode.swift; path = SceneDelegate.swift; sourceTree = "<group>"; };
		7F0E38552A00C5EE00F24809 /* ViewController.swift */ = {isa = PBXFileReference; lastKnownFileType = sourcecode.swift; path = ViewController.swift; sourceTree = "<group>"; };
		7F0E385A2A00C5F100F24809 /* Assets.xcassets */ = {isa = PBXFileReference; lastKnownFileType = folder.assetcatalog; path = Assets.xcassets; sourceTree = "<group>"; };
		7F0E385D2A00C5F100F24809 /* Base */ = {isa = PBXFileReference; lastKnownFileType = file.storyboard; name = Base; path = Base.lproj/LaunchScreen.storyboard; sourceTree = "<group>"; };
		7F0E385F2A00C5F100F24809 /* Info.plist */ = {isa = PBXFileReference; lastKnownFileType = text.plist.xml; path = Info.plist; sourceTree = "<group>"; };
		7F0E386D2A00C9E000F24809 /* Coordinator.swift */ = {isa = PBXFileReference; lastKnownFileType = sourcecode.swift; path = Coordinator.swift; sourceTree = "<group>"; };
		7F0E38702A00CA2800F24809 /* CoordinatorProtocol.swift */ = {isa = PBXFileReference; lastKnownFileType = sourcecode.swift; path = CoordinatorProtocol.swift; sourceTree = "<group>"; };
		7F0E38722A00CA5200F24809 /* Injection.swift */ = {isa = PBXFileReference; lastKnownFileType = sourcecode.swift; path = Injection.swift; sourceTree = "<group>"; };
		7F0E38742A00CA7F00F24809 /* MainControllerProvider.swift */ = {isa = PBXFileReference; lastKnownFileType = sourcecode.swift; path = MainControllerProvider.swift; sourceTree = "<group>"; };
		7F0E38762A00CAA900F24809 /* MainModule.swift */ = {isa = PBXFileReference; lastKnownFileType = sourcecode.swift; path = MainModule.swift; sourceTree = "<group>"; };
		7F0E38782A00CAC200F24809 /* NotificationCenterWrapper.swift */ = {isa = PBXFileReference; lastKnownFileType = sourcecode.swift; path = NotificationCenterWrapper.swift; sourceTree = "<group>"; };
		7F0E387A2A00CAD100F24809 /* NotificationCenterWrapperImpl.swift */ = {isa = PBXFileReference; lastKnownFileType = sourcecode.swift; path = NotificationCenterWrapperImpl.swift; sourceTree = "<group>"; };
		7F0E38812A00CC0300F24809 /* BaseViewController.swift */ = {isa = PBXFileReference; lastKnownFileType = sourcecode.swift; path = BaseViewController.swift; sourceTree = "<group>"; };
		7F0E38832A00CC0D00F24809 /* BaseViewModel.swift */ = {isa = PBXFileReference; lastKnownFileType = sourcecode.swift; path = BaseViewModel.swift; sourceTree = "<group>"; };
		7F0E38862A00CD1800F24809 /* LoaderView.swift */ = {isa = PBXFileReference; lastKnownFileType = sourcecode.swift; path = LoaderView.swift; sourceTree = "<group>"; };
		7F0E38882A00CD5200F24809 /* ProgressBarView.swift */ = {isa = PBXFileReference; lastKnownFileType = sourcecode.swift; path = ProgressBarView.swift; sourceTree = "<group>"; };
		7F0E388A2A00CDBD00F24809 /* HomeCoordinator.swift */ = {isa = PBXFileReference; lastKnownFileType = sourcecode.swift; path = HomeCoordinator.swift; sourceTree = "<group>"; };
		7F0E38902A00CF0600F24809 /* HomeViewController.swift */ = {isa = PBXFileReference; lastKnownFileType = sourcecode.swift; path = HomeViewController.swift; sourceTree = "<group>"; };
		7F0E38932A00CF7400F24809 /* HomeViewModel.swift */ = {isa = PBXFileReference; lastKnownFileType = sourcecode.swift; path = HomeViewModel.swift; sourceTree = "<group>"; };
		7F0E38962A00D04B00F24809 /* HomeModule.swift */ = {isa = PBXFileReference; lastKnownFileType = sourcecode.swift; path = HomeModule.swift; sourceTree = "<group>"; };
		A4B4FB16FC67B82D54E4C1D9 /* Pods_Swift_1UIComponents.framework */ = {isa = PBXFileReference; explicitFileType = wrapper.framework; includeInIndex = 0; path = Pods_Swift_1UIComponents.framework; sourceTree = BUILT_PRODUCTS_DIR; };
		F330D0861AE3CF74D3FAE044 /* Pods-Swift-1UIComponents.debug.xcconfig */ = {isa = PBXFileReference; includeInIndex = 1; lastKnownFileType = text.xcconfig; name = "Pods-Swift-1UIComponents.debug.xcconfig"; path = "Target Support Files/Pods-Swift-1UIComponents/Pods-Swift-1UIComponents.debug.xcconfig"; sourceTree = "<group>"; };
/* End PBXFileReference section */

/* Begin PBXFrameworksBuildPhase section */
		7F0E384B2A00C5EE00F24809 /* Frameworks */ = {
			isa = PBXFrameworksBuildPhase;
			buildActionMask = 2147483647;
			files = (
				38F1B30341A7483BE4244B30 /* Pods_Swift_1UIComponents.framework in Frameworks */,
			);
			runOnlyForDeploymentPostprocessing = 0;
		};
/* End PBXFrameworksBuildPhase section */

/* Begin PBXGroup section */
		3E2CC54027259F18933CD7F6 /* Frameworks */ = {
			isa = PBXGroup;
			children = (
				A4B4FB16FC67B82D54E4C1D9 /* Pods_Swift_1UIComponents.framework */,
			);
			name = Frameworks;
			sourceTree = "<group>";
		};
		7F0E38452A00C5EE00F24809 = {
			isa = PBXGroup;
			children = (
				7F0E38502A00C5EE00F24809 /* Swift-1UIComponents */,
				7F0E384F2A00C5EE00F24809 /* Products */,
				C5B02507A72496418FA94B16 /* Pods */,
				3E2CC54027259F18933CD7F6 /* Frameworks */,
			);
			sourceTree = "<group>";
		};
		7F0E384F2A00C5EE00F24809 /* Products */ = {
			isa = PBXGroup;
			children = (
				7F0E384E2A00C5EE00F24809 /* Swift-1UIComponents.app */,
			);
			name = Products;
			sourceTree = "<group>";
		};
		7F0E38502A00C5EE00F24809 /* Swift-1UIComponents */ = {
			isa = PBXGroup;
			children = (
				7F0E386B2A00C9B300F24809 /* Coordinators */,
				7F0E386A2A00C9AA00F24809 /* Resources */,
				7F0E38672A00C95600F24809 /* Utils */,
				7F0E38662A00C95200F24809 /* AppLife */,
				7F0E38652A00C94000F24809 /* AppModules */,
				7F0E38512A00C5EE00F24809 /* AppDelegate.swift */,
				7F0E38532A00C5EE00F24809 /* SceneDelegate.swift */,
				7F0E38552A00C5EE00F24809 /* ViewController.swift */,
				7F0E385A2A00C5F100F24809 /* Assets.xcassets */,
				7F0E385C2A00C5F100F24809 /* LaunchScreen.storyboard */,
				7F0E385F2A00C5F100F24809 /* Info.plist */,
			);
			path = "Swift-1UIComponents";
			sourceTree = "<group>";
		};
		7F0E38652A00C94000F24809 /* AppModules */ = {
			isa = PBXGroup;
			children = (
				7F0E387C2A00CB2300F24809 /* Core */,
				7F0E388C2A00CED700F24809 /* Home */,
			);
			path = AppModules;
			sourceTree = "<group>";
		};
		7F0E38662A00C95200F24809 /* AppLife */ = {
			isa = PBXGroup;
			children = (
			);
			path = AppLife;
			sourceTree = "<group>";
		};
		7F0E38672A00C95600F24809 /* Utils */ = {
			isa = PBXGroup;
			children = (
				7F0E386C2A00C9D500F24809 /* Protocols */,
			);
			path = Utils;
			sourceTree = "<group>";
		};
		7F0E386A2A00C9AA00F24809 /* Resources */ = {
			isa = PBXGroup;
			children = (
			);
			path = Resources;
			sourceTree = "<group>";
		};
		7F0E386B2A00C9B300F24809 /* Coordinators */ = {
			isa = PBXGroup;
			children = (
				7F0E388A2A00CDBD00F24809 /* HomeCoordinator.swift */,
			);
			path = Coordinators;
			sourceTree = "<group>";
		};
		7F0E386C2A00C9D500F24809 /* Protocols */ = {
			isa = PBXGroup;
			children = (
				7F0E38702A00CA2800F24809 /* CoordinatorProtocol.swift */,
			);
			path = Protocols;
			sourceTree = "<group>";
		};
		7F0E387C2A00CB2300F24809 /* Core */ = {
			isa = PBXGroup;
			children = (
				7F0E38802A00CB5600F24809 /* DI */,
				7F0E387E2A00CB3000F24809 /* Data */,
				7F0E387D2A00CB2800F24809 /* Presentation */,
			);
			path = Core;
			sourceTree = "<group>";
		};
		7F0E387D2A00CB2800F24809 /* Presentation */ = {
			isa = PBXGroup;
			children = (
				7F0E38852A00CCB000F24809 /* View */,
				7F0E386D2A00C9E000F24809 /* Coordinator.swift */,
				7F0E38812A00CC0300F24809 /* BaseViewController.swift */,
				7F0E38832A00CC0D00F24809 /* BaseViewModel.swift */,
			);
			path = Presentation;
			sourceTree = "<group>";
		};
		7F0E387E2A00CB3000F24809 /* Data */ = {
			isa = PBXGroup;
			children = (
				7F0E38782A00CAC200F24809 /* NotificationCenterWrapper.swift */,
				7F0E387A2A00CAD100F24809 /* NotificationCenterWrapperImpl.swift */,
			);
			path = Data;
			sourceTree = "<group>";
		};
		7F0E38802A00CB5600F24809 /* DI */ = {
			isa = PBXGroup;
			children = (
				7F0E38722A00CA5200F24809 /* Injection.swift */,
				7F0E38742A00CA7F00F24809 /* MainControllerProvider.swift */,
				7F0E38762A00CAA900F24809 /* MainModule.swift */,
			);
			path = DI;
			sourceTree = "<group>";
		};
		7F0E38852A00CCB000F24809 /* View */ = {
			isa = PBXGroup;
			children = (
				7F0E38862A00CD1800F24809 /* LoaderView.swift */,
				7F0E38882A00CD5200F24809 /* ProgressBarView.swift */,
			);
			path = View;
			sourceTree = "<group>";
		};
		7F0E388C2A00CED700F24809 /* Home */ = {
			isa = PBXGroup;
			children = (
				7F0E38952A00D03C00F24809 /* DI */,
				7F0E388E2A00CEEE00F24809 /* Presentation */,
			);
			path = Home;
			sourceTree = "<group>";
		};
		7F0E388E2A00CEEE00F24809 /* Presentation */ = {
			isa = PBXGroup;
			children = (
				7F0E38922A00CF6700F24809 /* ViewModel */,
				7F0E388F2A00CEF400F24809 /* View */,
			);
			path = Presentation;
			sourceTree = "<group>";
		};
		7F0E388F2A00CEF400F24809 /* View */ = {
			isa = PBXGroup;
			children = (
				7F0E38902A00CF0600F24809 /* HomeViewController.swift */,
			);
			path = View;
			sourceTree = "<group>";
		};
		7F0E38922A00CF6700F24809 /* ViewModel */ = {
			isa = PBXGroup;
			children = (
				7F0E38932A00CF7400F24809 /* HomeViewModel.swift */,
			);
			path = ViewModel;
			sourceTree = "<group>";
		};
		7F0E38952A00D03C00F24809 /* DI */ = {
			isa = PBXGroup;
			children = (
				7F0E38962A00D04B00F24809 /* HomeModule.swift */,
			);
			path = DI;
			sourceTree = "<group>";
		};
		C5B02507A72496418FA94B16 /* Pods */ = {
			isa = PBXGroup;
			children = (
				F330D0861AE3CF74D3FAE044 /* Pods-Swift-1UIComponents.debug.xcconfig */,
				6446DDD263821AD536672EF6 /* Pods-Swift-1UIComponents.release.xcconfig */,
			);
			path = Pods;
			sourceTree = "<group>";
		};
/* End PBXGroup section */

/* Begin PBXNativeTarget section */
		7F0E384D2A00C5EE00F24809 /* Swift-1UIComponents */ = {
			isa = PBXNativeTarget;
			buildConfigurationList = 7F0E38622A00C5F100F24809 /* Build configuration list for PBXNativeTarget "Swift-1UIComponents" */;
			buildPhases = (
				22CF8A84EF9BE58CEA1805C8 /* [CP] Check Pods Manifest.lock */,
				7F0E384A2A00C5EE00F24809 /* Sources */,
				7F0E384B2A00C5EE00F24809 /* Frameworks */,
				7F0E384C2A00C5EE00F24809 /* Resources */,
				E0B1E5B47A7AFC961670CB76 /* [CP] Embed Pods Frameworks */,
			);
			buildRules = (
			);
			dependencies = (
			);
			name = "Swift-1UIComponents";
			productName = "Swift-1UIComponents";
			productReference = 7F0E384E2A00C5EE00F24809 /* Swift-1UIComponents.app */;
			productType = "com.apple.product-type.application";
		};
/* End PBXNativeTarget section */

/* Begin PBXProject section */
		7F0E38462A00C5EE00F24809 /* Project object */ = {
			isa = PBXProject;
			attributes = {
				BuildIndependentTargetsInParallel = 1;
				LastSwiftUpdateCheck = 1420;
				LastUpgradeCheck = 1420;
				TargetAttributes = {
					7F0E384D2A00C5EE00F24809 = {
						CreatedOnToolsVersion = 14.2;
					};
				};
			};
			buildConfigurationList = 7F0E38492A00C5EE00F24809 /* Build configuration list for PBXProject "Swift-1UIComponents" */;
			compatibilityVersion = "Xcode 14.0";
			developmentRegion = en;
			hasScannedForEncodings = 0;
			knownRegions = (
				en,
				Base,
			);
			mainGroup = 7F0E38452A00C5EE00F24809;
			productRefGroup = 7F0E384F2A00C5EE00F24809 /* Products */;
			projectDirPath = "";
			projectRoot = "";
			targets = (
				7F0E384D2A00C5EE00F24809 /* Swift-1UIComponents */,
			);
		};
/* End PBXProject section */

/* Begin PBXResourcesBuildPhase section */
		7F0E384C2A00C5EE00F24809 /* Resources */ = {
			isa = PBXResourcesBuildPhase;
			buildActionMask = 2147483647;
			files = (
				7F0E385E2A00C5F100F24809 /* LaunchScreen.storyboard in Resources */,
				7F0E385B2A00C5F100F24809 /* Assets.xcassets in Resources */,
			);
			runOnlyForDeploymentPostprocessing = 0;
		};
/* End PBXResourcesBuildPhase section */

/* Begin PBXShellScriptBuildPhase section */
		22CF8A84EF9BE58CEA1805C8 /* [CP] Check Pods Manifest.lock */ = {
			isa = PBXShellScriptBuildPhase;
			buildActionMask = 2147483647;
			files = (
			);
			inputFileListPaths = (
			);
			inputPaths = (
				"${PODS_PODFILE_DIR_PATH}/Podfile.lock",
				"${PODS_ROOT}/Manifest.lock",
			);
			name = "[CP] Check Pods Manifest.lock";
			outputFileListPaths = (
			);
			outputPaths = (
				"$(DERIVED_FILE_DIR)/Pods-Swift-1UIComponents-checkManifestLockResult.txt",
			);
			runOnlyForDeploymentPostprocessing = 0;
			shellPath = /bin/sh;
			shellScript = "diff \"${PODS_PODFILE_DIR_PATH}/Podfile.lock\" \"${PODS_ROOT}/Manifest.lock\" > /dev/null\nif [ $? != 0 ] ; then\n    # print error to STDERR\n    echo \"error: The sandbox is not in sync with the Podfile.lock. Run 'pod install' or update your CocoaPods installation.\" >&2\n    exit 1\nfi\n# This output is used by Xcode 'outputs' to avoid re-running this script phase.\necho \"SUCCESS\" > \"${SCRIPT_OUTPUT_FILE_0}\"\n";
			showEnvVarsInLog = 0;
		};
		E0B1E5B47A7AFC961670CB76 /* [CP] Embed Pods Frameworks */ = {
			isa = PBXShellScriptBuildPhase;
			buildActionMask = 2147483647;
			files = (
			);
			inputFileListPaths = (
				"${PODS_ROOT}/Target Support Files/Pods-Swift-1UIComponents/Pods-Swift-1UIComponents-frameworks-${CONFIGURATION}-input-files.xcfilelist",
			);
			name = "[CP] Embed Pods Frameworks";
			outputFileListPaths = (
				"${PODS_ROOT}/Target Support Files/Pods-Swift-1UIComponents/Pods-Swift-1UIComponents-frameworks-${CONFIGURATION}-output-files.xcfilelist",
			);
			runOnlyForDeploymentPostprocessing = 0;
			shellPath = /bin/sh;
			shellScript = "\"${PODS_ROOT}/Target Support Files/Pods-Swift-1UIComponents/Pods-Swift-1UIComponents-frameworks.sh\"\n";
			showEnvVarsInLog = 0;
		};
/* End PBXShellScriptBuildPhase section */

/* Begin PBXSourcesBuildPhase section */
		7F0E384A2A00C5EE00F24809 /* Sources */ = {
			isa = PBXSourcesBuildPhase;
			buildActionMask = 2147483647;
			files = (
				7F0E38942A00CF7400F24809 /* HomeViewModel.swift in Sources */,
				7F0E386E2A00C9E000F24809 /* Coordinator.swift in Sources */,
				7F0E38562A00C5EE00F24809 /* ViewController.swift in Sources */,
				7F0E38822A00CC0300F24809 /* BaseViewController.swift in Sources */,
				7F0E38872A00CD1800F24809 /* LoaderView.swift in Sources */,
				7F0E38792A00CAC200F24809 /* NotificationCenterWrapper.swift in Sources */,
				7F0E38972A00D04B00F24809 /* HomeModule.swift in Sources */,
				7F0E38712A00CA2800F24809 /* CoordinatorProtocol.swift in Sources */,
				7F0E38842A00CC0D00F24809 /* BaseViewModel.swift in Sources */,
				7F0E38752A00CA7F00F24809 /* MainControllerProvider.swift in Sources */,
				7F0E38732A00CA5200F24809 /* Injection.swift in Sources */,
				7F0E38522A00C5EE00F24809 /* AppDelegate.swift in Sources */,
				7F0E387B2A00CAD100F24809 /* NotificationCenterWrapperImpl.swift in Sources */,
				7F0E38912A00CF0600F24809 /* HomeViewController.swift in Sources */,
				7F0E38772A00CAA900F24809 /* MainModule.swift in Sources */,
				7F0E388B2A00CDBD00F24809 /* HomeCoordinator.swift in Sources */,
				7F0E38542A00C5EE00F24809 /* SceneDelegate.swift in Sources */,
				7F0E38892A00CD5200F24809 /* ProgressBarView.swift in Sources */,
			);
			runOnlyForDeploymentPostprocessing = 0;
		};
/* End PBXSourcesBuildPhase section */

/* Begin PBXVariantGroup section */
		7F0E385C2A00C5F100F24809 /* LaunchScreen.storyboard */ = {
			isa = PBXVariantGroup;
			children = (
				7F0E385D2A00C5F100F24809 /* Base */,
			);
			name = LaunchScreen.storyboard;
			sourceTree = "<group>";
		};
/* End PBXVariantGroup section */

/* Begin XCBuildConfiguration section */
		7F0E38602A00C5F100F24809 /* Debug */ = {
			isa = XCBuildConfiguration;
			buildSettings = {
				ALWAYS_SEARCH_USER_PATHS = NO;
				CLANG_ANALYZER_NONNULL = YES;
				CLANG_ANALYZER_NUMBER_OBJECT_CONVERSION = YES_AGGRESSIVE;
				CLANG_CXX_LANGUAGE_STANDARD = "gnu++20";
				CLANG_ENABLE_MODULES = YES;
				CLANG_ENABLE_OBJC_ARC = YES;
				CLANG_ENABLE_OBJC_WEAK = YES;
				CLANG_WARN_BLOCK_CAPTURE_AUTORELEASING = YES;
				CLANG_WARN_BOOL_CONVERSION = YES;
				CLANG_WARN_COMMA = YES;
				CLANG_WARN_CONSTANT_CONVERSION = YES;
				CLANG_WARN_DEPRECATED_OBJC_IMPLEMENTATIONS = YES;
				CLANG_WARN_DIRECT_OBJC_ISA_USAGE = YES_ERROR;
				CLANG_WARN_DOCUMENTATION_COMMENTS = YES;
				CLANG_WARN_EMPTY_BODY = YES;
				CLANG_WARN_ENUM_CONVERSION = YES;
				CLANG_WARN_INFINITE_RECURSION = YES;
				CLANG_WARN_INT_CONVERSION = YES;
				CLANG_WARN_NON_LITERAL_NULL_CONVERSION = YES;
				CLANG_WARN_OBJC_IMPLICIT_RETAIN_SELF = YES;
				CLANG_WARN_OBJC_LITERAL_CONVERSION = YES;
				CLANG_WARN_OBJC_ROOT_CLASS = YES_ERROR;
				CLANG_WARN_QUOTED_INCLUDE_IN_FRAMEWORK_HEADER = YES;
				CLANG_WARN_RANGE_LOOP_ANALYSIS = YES;
				CLANG_WARN_STRICT_PROTOTYPES = YES;
				CLANG_WARN_SUSPICIOUS_MOVE = YES;
				CLANG_WARN_UNGUARDED_AVAILABILITY = YES_AGGRESSIVE;
				CLANG_WARN_UNREACHABLE_CODE = YES;
				CLANG_WARN__DUPLICATE_METHOD_MATCH = YES;
				COPY_PHASE_STRIP = NO;
				DEBUG_INFORMATION_FORMAT = dwarf;
				ENABLE_STRICT_OBJC_MSGSEND = YES;
				ENABLE_TESTABILITY = YES;
				GCC_C_LANGUAGE_STANDARD = gnu11;
				GCC_DYNAMIC_NO_PIC = NO;
				GCC_NO_COMMON_BLOCKS = YES;
				GCC_OPTIMIZATION_LEVEL = 0;
				GCC_PREPROCESSOR_DEFINITIONS = (
					"DEBUG=1",
					"$(inherited)",
				);
				GCC_WARN_64_TO_32_BIT_CONVERSION = YES;
				GCC_WARN_ABOUT_RETURN_TYPE = YES_ERROR;
				GCC_WARN_UNDECLARED_SELECTOR = YES;
				GCC_WARN_UNINITIALIZED_AUTOS = YES_AGGRESSIVE;
				GCC_WARN_UNUSED_FUNCTION = YES;
				GCC_WARN_UNUSED_VARIABLE = YES;
				IPHONEOS_DEPLOYMENT_TARGET = 16.2;
				MTL_ENABLE_DEBUG_INFO = INCLUDE_SOURCE;
				MTL_FAST_MATH = YES;
				ONLY_ACTIVE_ARCH = YES;
				SDKROOT = iphoneos;
				SWIFT_ACTIVE_COMPILATION_CONDITIONS = DEBUG;
				SWIFT_OPTIMIZATION_LEVEL = "-Onone";
			};
			name = Debug;
		};
		7F0E38612A00C5F100F24809 /* Release */ = {
			isa = XCBuildConfiguration;
			buildSettings = {
				ALWAYS_SEARCH_USER_PATHS = NO;
				CLANG_ANALYZER_NONNULL = YES;
				CLANG_ANALYZER_NUMBER_OBJECT_CONVERSION = YES_AGGRESSIVE;
				CLANG_CXX_LANGUAGE_STANDARD = "gnu++20";
				CLANG_ENABLE_MODULES = YES;
				CLANG_ENABLE_OBJC_ARC = YES;
				CLANG_ENABLE_OBJC_WEAK = YES;
				CLANG_WARN_BLOCK_CAPTURE_AUTORELEASING = YES;
				CLANG_WARN_BOOL_CONVERSION = YES;
				CLANG_WARN_COMMA = YES;
				CLANG_WARN_CONSTANT_CONVERSION = YES;
				CLANG_WARN_DEPRECATED_OBJC_IMPLEMENTATIONS = YES;
				CLANG_WARN_DIRECT_OBJC_ISA_USAGE = YES_ERROR;
				CLANG_WARN_DOCUMENTATION_COMMENTS = YES;
				CLANG_WARN_EMPTY_BODY = YES;
				CLANG_WARN_ENUM_CONVERSION = YES;
				CLANG_WARN_INFINITE_RECURSION = YES;
				CLANG_WARN_INT_CONVERSION = YES;
				CLANG_WARN_NON_LITERAL_NULL_CONVERSION = YES;
				CLANG_WARN_OBJC_IMPLICIT_RETAIN_SELF = YES;
				CLANG_WARN_OBJC_LITERAL_CONVERSION = YES;
				CLANG_WARN_OBJC_ROOT_CLASS = YES_ERROR;
				CLANG_WARN_QUOTED_INCLUDE_IN_FRAMEWORK_HEADER = YES;
				CLANG_WARN_RANGE_LOOP_ANALYSIS = YES;
				CLANG_WARN_STRICT_PROTOTYPES = YES;
				CLANG_WARN_SUSPICIOUS_MOVE = YES;
				CLANG_WARN_UNGUARDED_AVAILABILITY = YES_AGGRESSIVE;
				CLANG_WARN_UNREACHABLE_CODE = YES;
				CLANG_WARN__DUPLICATE_METHOD_MATCH = YES;
				COPY_PHASE_STRIP = NO;
				DEBUG_INFORMATION_FORMAT = "dwarf-with-dsym";
				ENABLE_NS_ASSERTIONS = NO;
				ENABLE_STRICT_OBJC_MSGSEND = YES;
				GCC_C_LANGUAGE_STANDARD = gnu11;
				GCC_NO_COMMON_BLOCKS = YES;
				GCC_WARN_64_TO_32_BIT_CONVERSION = YES;
				GCC_WARN_ABOUT_RETURN_TYPE = YES_ERROR;
				GCC_WARN_UNDECLARED_SELECTOR = YES;
				GCC_WARN_UNINITIALIZED_AUTOS = YES_AGGRESSIVE;
				GCC_WARN_UNUSED_FUNCTION = YES;
				GCC_WARN_UNUSED_VARIABLE = YES;
				IPHONEOS_DEPLOYMENT_TARGET = 16.2;
				MTL_ENABLE_DEBUG_INFO = NO;
				MTL_FAST_MATH = YES;
				SDKROOT = iphoneos;
				SWIFT_COMPILATION_MODE = wholemodule;
				SWIFT_OPTIMIZATION_LEVEL = "-O";
				VALIDATE_PRODUCT = YES;
			};
			name = Release;
		};
		7F0E38632A00C5F100F24809 /* Debug */ = {
			isa = XCBuildConfiguration;
			baseConfigurationReference = F330D0861AE3CF74D3FAE044 /* Pods-Swift-1UIComponents.debug.xcconfig */;
			buildSettings = {
				ASSETCATALOG_COMPILER_APPICON_NAME = AppIcon;
				ASSETCATALOG_COMPILER_GLOBAL_ACCENT_COLOR_NAME = AccentColor;
				CODE_SIGN_STYLE = Automatic;
				CURRENT_PROJECT_VERSION = 1;
				GENERATE_INFOPLIST_FILE = YES;
				INFOPLIST_FILE = "Swift-1UIComponents/Info.plist";
				INFOPLIST_KEY_UIApplicationSupportsIndirectInputEvents = YES;
				INFOPLIST_KEY_UILaunchStoryboardName = LaunchScreen;
				INFOPLIST_KEY_UISupportedInterfaceOrientations_iPad = "UIInterfaceOrientationPortrait UIInterfaceOrientationPortraitUpsideDown UIInterfaceOrientationLandscapeLeft UIInterfaceOrientationLandscapeRight";
				INFOPLIST_KEY_UISupportedInterfaceOrientations_iPhone = "UIInterfaceOrientationPortrait UIInterfaceOrientationLandscapeLeft UIInterfaceOrientationLandscapeRight";
				LD_RUNPATH_SEARCH_PATHS = (
					"$(inherited)",
					"@executable_path/Frameworks",
				);
				MARKETING_VERSION = 1.0;
				PRODUCT_BUNDLE_IDENTIFIER = "gtoro.Swift-1UIComponents";
				PRODUCT_NAME = "$(TARGET_NAME)";
				SWIFT_EMIT_LOC_STRINGS = YES;
				SWIFT_VERSION = 5.0;
				TARGETED_DEVICE_FAMILY = "1,2";
			};
			name = Debug;
		};
		7F0E38642A00C5F100F24809 /* Release */ = {
			isa = XCBuildConfiguration;
			baseConfigurationReference = 6446DDD263821AD536672EF6 /* Pods-Swift-1UIComponents.release.xcconfig */;
			buildSettings = {
				ASSETCATALOG_COMPILER_APPICON_NAME = AppIcon;
				ASSETCATALOG_COMPILER_GLOBAL_ACCENT_COLOR_NAME = AccentColor;
				CODE_SIGN_STYLE = Automatic;
				CURRENT_PROJECT_VERSION = 1;
				GENERATE_INFOPLIST_FILE = YES;
				INFOPLIST_FILE = "Swift-1UIComponents/Info.plist";
				INFOPLIST_KEY_UIApplicationSupportsIndirectInputEvents = YES;
				INFOPLIST_KEY_UILaunchStoryboardName = LaunchScreen;
				INFOPLIST_KEY_UISupportedInterfaceOrientations_iPad = "UIInterfaceOrientationPortrait UIInterfaceOrientationPortraitUpsideDown UIInterfaceOrientationLandscapeLeft UIInterfaceOrientationLandscapeRight";
				INFOPLIST_KEY_UISupportedInterfaceOrientations_iPhone = "UIInterfaceOrientationPortrait UIInterfaceOrientationLandscapeLeft UIInterfaceOrientationLandscapeRight";
				LD_RUNPATH_SEARCH_PATHS = (
					"$(inherited)",
					"@executable_path/Frameworks",
				);
				MARKETING_VERSION = 1.0;
				PRODUCT_BUNDLE_IDENTIFIER = "gtoro.Swift-1UIComponents";
				PRODUCT_NAME = "$(TARGET_NAME)";
				SWIFT_EMIT_LOC_STRINGS = YES;
				SWIFT_VERSION = 5.0;
				TARGETED_DEVICE_FAMILY = "1,2";
			};
			name = Release;
		};
/* End XCBuildConfiguration section */

/* Begin XCConfigurationList section */
		7F0E38492A00C5EE00F24809 /* Build configuration list for PBXProject "Swift-1UIComponents" */ = {
			isa = XCConfigurationList;
			buildConfigurations = (
				7F0E38602A00C5F100F24809 /* Debug */,
				7F0E38612A00C5F100F24809 /* Release */,
			);
			defaultConfigurationIsVisible = 0;
			defaultConfigurationName = Release;
		};
		7F0E38622A00C5F100F24809 /* Build configuration list for PBXNativeTarget "Swift-1UIComponents" */ = {
			isa = XCConfigurationList;
			buildConfigurations = (
				7F0E38632A00C5F100F24809 /* Debug */,
				7F0E38642A00C5F100F24809 /* Release */,
			);
			defaultConfigurationIsVisible = 0;
			defaultConfigurationName = Release;
		};
/* End XCConfigurationList section */
	};
	rootObject = 7F0E38462A00C5EE00F24809 /* Project object */;
}
